// !$*UTF8*$!
{
	archiveVersion = 1;
	classes = {
	};
	objectVersion = 46;
	objects = {

/* Begin PBXBuildFile section */
		00C302E51ABCBA2D00DB3ED1 /* libRCTActionSheet.a in Frameworks */ = {isa = PBXBuildFile; fileRef = 00C302AC1ABCB8CE00DB3ED1 /* libRCTActionSheet.a */; };
		00C302E71ABCBA2D00DB3ED1 /* libRCTGeolocation.a in Frameworks */ = {isa = PBXBuildFile; fileRef = 00C302BA1ABCB90400DB3ED1 /* libRCTGeolocation.a */; };
		00C302E81ABCBA2D00DB3ED1 /* libRCTImage.a in Frameworks */ = {isa = PBXBuildFile; fileRef = 00C302C01ABCB91800DB3ED1 /* libRCTImage.a */; };
		00C302E91ABCBA2D00DB3ED1 /* libRCTNetwork.a in Frameworks */ = {isa = PBXBuildFile; fileRef = 00C302DC1ABCB9D200DB3ED1 /* libRCTNetwork.a */; };
		00C302EA1ABCBA2D00DB3ED1 /* libRCTVibration.a in Frameworks */ = {isa = PBXBuildFile; fileRef = 00C302E41ABCB9EE00DB3ED1 /* libRCTVibration.a */; };
		00E356F31AD99517003FC87E /* PullUpTests.m in Sources */ = {isa = PBXBuildFile; fileRef = 00E356F21AD99517003FC87E /* PullUpTests.m */; };
		01ACCEA722F94DCE8CC6FB30 /* Roboto-Thin.ttf in Resources */ = {isa = PBXBuildFile; fileRef = D0DD6BA5922E48F281E1AC57 /* Roboto-Thin.ttf */; };
		03B65938C81D44B58F0878FC /* MaterialCommunityIcons.ttf in Resources */ = {isa = PBXBuildFile; fileRef = 456DCEC2E7BC43BE864EF069 /* MaterialCommunityIcons.ttf */; };
		03D336676C3848A19ADAF287 /* libRNImagePicker.a in Frameworks */ = {isa = PBXBuildFile; fileRef = 4E2D4F1B095143BA98C5EC92 /* libRNImagePicker.a */; };
		0CA65F296A4B440884EE283A /* Roboto_medium.ttf in Resources */ = {isa = PBXBuildFile; fileRef = 8B7F670E00C74D38931882B8 /* Roboto_medium.ttf */; };
		0D412ED8FE124B8D87776A4B /* Poppins-Black.ttf in Resources */ = {isa = PBXBuildFile; fileRef = 291CDEADF41C473BAFA93013 /* Poppins-Black.ttf */; };
		130F0ACD5F3648B49415AEAD /* SimpleLineIcons.ttf in Resources */ = {isa = PBXBuildFile; fileRef = A3AE76189B2B44DBA4B432A6 /* SimpleLineIcons.ttf */; };
		133E29F31AD74F7200F7D852 /* libRCTLinking.a in Frameworks */ = {isa = PBXBuildFile; fileRef = 78C398B91ACF4ADC00677621 /* libRCTLinking.a */; };
		139105C61AF99C1200B5F7CC /* libRCTSettings.a in Frameworks */ = {isa = PBXBuildFile; fileRef = 139105C11AF99BAD00B5F7CC /* libRCTSettings.a */; };
		139FDEF61B0652A700C62182 /* libRCTWebSocket.a in Frameworks */ = {isa = PBXBuildFile; fileRef = 139FDEF41B06529B00C62182 /* libRCTWebSocket.a */; };
		13B07FBC1A68108700A75B9A /* AppDelegate.m in Sources */ = {isa = PBXBuildFile; fileRef = 13B07FB01A68108700A75B9A /* AppDelegate.m */; };
		13B07FBD1A68108700A75B9A /* LaunchScreen.xib in Resources */ = {isa = PBXBuildFile; fileRef = 13B07FB11A68108700A75B9A /* LaunchScreen.xib */; };
		13B07FBF1A68108700A75B9A /* Images.xcassets in Resources */ = {isa = PBXBuildFile; fileRef = 13B07FB51A68108700A75B9A /* Images.xcassets */; };
		13B07FC11A68108700A75B9A /* main.m in Sources */ = {isa = PBXBuildFile; fileRef = 13B07FB71A68108700A75B9A /* main.m */; };
		140ED2AC1D01E1AD002B40FF /* libReact.a in Frameworks */ = {isa = PBXBuildFile; fileRef = 146834041AC3E56700842450 /* libReact.a */; };
		146834051AC3E58100842450 /* libReact.a in Frameworks */ = {isa = PBXBuildFile; fileRef = 146834041AC3E56700842450 /* libReact.a */; };
		15B4C6AAD8FF4F3DA9B2AEEC /* Entypo.ttf in Resources */ = {isa = PBXBuildFile; fileRef = 29413E77D9614D2DABD3BE1A /* Entypo.ttf */; };
		1EE35C07C06F4DEA92EDB17A /* Poppins-Bold.ttf in Resources */ = {isa = PBXBuildFile; fileRef = EF1F93B7C32C4AC6AA901F71 /* Poppins-Bold.ttf */; };
		1FD3085F10A14CA485A56A19 /* Poppins-Regular.ttf in Resources */ = {isa = PBXBuildFile; fileRef = 16F895C14D304470836175A4 /* Poppins-Regular.ttf */; };
		20314BDBABFF41BAB8ED9BA6 /* Roboto-Light.ttf in Resources */ = {isa = PBXBuildFile; fileRef = 42CD4F70F0BC4AE9AE11E35B /* Roboto-Light.ttf */; };
		2795B03A7F624E3B871BA800 /* Roboto-Regular.ttf in Resources */ = {isa = PBXBuildFile; fileRef = C315274A88444FD98CAB57EA /* Roboto-Regular.ttf */; };
		2BA20D4FBE534830AA6323F3 /* Octicons.ttf in Resources */ = {isa = PBXBuildFile; fileRef = 07C3E3C78FB74077AC2A136A /* Octicons.ttf */; };
		2EF09D7DA7504DA9AA21208F /* libKCKeepAwake.a in Frameworks */ = {isa = PBXBuildFile; fileRef = D545D79AF19D44F6A651834B /* libKCKeepAwake.a */; };
		3E74F4B5749049CEB1EFB6AA /* FontAwesome.ttf in Resources */ = {isa = PBXBuildFile; fileRef = 3C41F77DCF324E5BB1B5AE5F /* FontAwesome.ttf */; };
		44F6C7AD87764A0985547827 /* libRNVectorIcons.a in Frameworks */ = {isa = PBXBuildFile; fileRef = 88D48D18DC8E43409C63F206 /* libRNVectorIcons.a */; };
		4776F0579F5547D097EBF3C7 /* libRNSpinkit.a in Frameworks */ = {isa = PBXBuildFile; fileRef = 4147FCEF70E2485A8BB8196D /* libRNSpinkit.a */; };
		4A699476CA4E4FF5818CB075 /* Roboto-Black.ttf in Resources */ = {isa = PBXBuildFile; fileRef = 0C07702EBB424B089DAC2B98 /* Roboto-Black.ttf */; };
		4B40D1C596AD4FF88EA26AEE /* Foundation.ttf in Resources */ = {isa = PBXBuildFile; fileRef = 0CE361A2B51A4C0996F0E60B /* Foundation.ttf */; };
		4BD2E1405128447898ACBB19 /* libSplashScreen.a in Frameworks */ = {isa = PBXBuildFile; fileRef = BBC16AEB854D46F88F5D9F23 /* libSplashScreen.a */; };
		596042663059404DA7086EAB /* rubicon-icon-font.ttf in Resources */ = {isa = PBXBuildFile; fileRef = EFFA6C8BECC94D96A3CBB4AB /* rubicon-icon-font.ttf */; };
		5C381B29DA0F47A885546C24 /* Poppins-Medium.ttf in Resources */ = {isa = PBXBuildFile; fileRef = 2F4494C47CE54053803FFBEA /* Poppins-Medium.ttf */; };
		5D65FE7090754D6DB6F1EEAF /* MaterialIcons.ttf in Resources */ = {isa = PBXBuildFile; fileRef = 2084EED47DD64F0F84611B60 /* MaterialIcons.ttf */; };
		5E9157361DD0AC6A00FF2AA8 /* libRCTAnimation.a in Frameworks */ = {isa = PBXBuildFile; fileRef = 5E9157331DD0AC6500FF2AA8 /* libRCTAnimation.a */; };
		601B05C1F1BC4CABB9B92845 /* FontAwesome.ttf in Resources */ = {isa = PBXBuildFile; fileRef = 81851B0028934A86BAAAB541 /* FontAwesome.ttf */; };
		606FAB3E3C88416D90E0CB0B /* Roboto-Bold.ttf in Resources */ = {isa = PBXBuildFile; fileRef = DFC37121B6164EC4A6FD56C4 /* Roboto-Bold.ttf */; };
		6A42C02B7ADA43A698A16478 /* libBVLinearGradient.a in Frameworks */ = {isa = PBXBuildFile; fileRef = D353DFB49C7949E8B4D96E8B /* libBVLinearGradient.a */; };
		75566102A3804BC88540EE03 /* Ionicons.ttf in Resources */ = {isa = PBXBuildFile; fileRef = 1ECC7740EC1D474BBE4B0A8E /* Ionicons.ttf */; };
		80A2691DDF054D4990A280C6 /* EvilIcons.ttf in Resources */ = {isa = PBXBuildFile; fileRef = D36ABDDFA1B64F4C82D64C46 /* EvilIcons.ttf */; };
		8278B0C373894F35997BD844 /* Octicons.ttf in Resources */ = {isa = PBXBuildFile; fileRef = C7B5522622D9454DAC3EEFE8 /* Octicons.ttf */; };
		832341BD1AAA6AB300B99B32 /* libRCTText.a in Frameworks */ = {isa = PBXBuildFile; fileRef = 832341B51AAA6A8300B99B32 /* libRCTText.a */; };
		867A9B8F4E0D45669DD3AA3B /* Zocial.ttf in Resources */ = {isa = PBXBuildFile; fileRef = 1D7F49885BDA4632AD9A54D7 /* Zocial.ttf */; };
		891935DA1F8E62E700F90E16 /* libRCTPushNotification.a in Frameworks */ = {isa = PBXBuildFile; fileRef = 891935C01F8E62C500F90E16 /* libRCTPushNotification.a */; };
		894E54F11F768526001C127B /* Bolts.framework in Frameworks */ = {isa = PBXBuildFile; fileRef = 894E54ED1F768526001C127B /* Bolts.framework */; };
		894E54F21F768526001C127B /* Bolts.framework in Frameworks */ = {isa = PBXBuildFile; fileRef = 894E54ED1F768526001C127B /* Bolts.framework */; };
		894E54F31F768526001C127B /* FBSDKCoreKit.framework in Frameworks */ = {isa = PBXBuildFile; fileRef = 894E54EE1F768526001C127B /* FBSDKCoreKit.framework */; };
		894E54F41F768526001C127B /* FBSDKCoreKit.framework in Frameworks */ = {isa = PBXBuildFile; fileRef = 894E54EE1F768526001C127B /* FBSDKCoreKit.framework */; };
		894E54F51F768526001C127B /* FBSDKLoginKit.framework in Frameworks */ = {isa = PBXBuildFile; fileRef = 894E54EF1F768526001C127B /* FBSDKLoginKit.framework */; };
		894E54F61F768526001C127B /* FBSDKLoginKit.framework in Frameworks */ = {isa = PBXBuildFile; fileRef = 894E54EF1F768526001C127B /* FBSDKLoginKit.framework */; };
		894E54F71F768526001C127B /* FBSDKShareKit.framework in Frameworks */ = {isa = PBXBuildFile; fileRef = 894E54F01F768526001C127B /* FBSDKShareKit.framework */; };
		894E54F81F768526001C127B /* FBSDKShareKit.framework in Frameworks */ = {isa = PBXBuildFile; fileRef = 894E54F01F768526001C127B /* FBSDKShareKit.framework */; };
		89FCEF4020360B050048D0D4 /* libART.a in Frameworks */ = {isa = PBXBuildFile; fileRef = 89FCEF0D20360ADB0048D0D4 /* libART.a */; };
		91364D96176741CD8A9804B2 /* SimpleLineIcons.ttf in Resources */ = {isa = PBXBuildFile; fileRef = 19CC1796364A4AAFB81AE400 /* SimpleLineIcons.ttf */; };
		940F13EC8C6041AD9993F65E /* Poppins-Light.ttf in Resources */ = {isa = PBXBuildFile; fileRef = DC5B2E40C49547E8BB5CC09E /* Poppins-Light.ttf */; };
		9CFC71F784D644E28C86ABE6 /* Entypo.ttf in Resources */ = {isa = PBXBuildFile; fileRef = 62ACC205B6BB4644818C6053 /* Entypo.ttf */; };
		9DCC682C02B4470B92E939D1 /* Feather.ttf in Resources */ = {isa = PBXBuildFile; fileRef = 09AE5060B9414BC8A2AF0614 /* Feather.ttf */; };
		A2DF215D7947447592489069 /* Ionicons.ttf in Resources */ = {isa = PBXBuildFile; fileRef = 4A865F3F58104D50A4B6482A /* Ionicons.ttf */; };
		AAD03E8FAC2342BD8CDC8085 /* libRNSVG.a in Frameworks */ = {isa = PBXBuildFile; fileRef = 7B8FF582D7E640F186B78E1A /* libRNSVG.a */; };
		ADBDB9381DFEBF1600ED6528 /* libRCTBlob.a in Frameworks */ = {isa = PBXBuildFile; fileRef = ADBDB9271DFEBF0700ED6528 /* libRCTBlob.a */; };
		B82ADE124ADA4CD686C0C335 /* Roboto-Medium.ttf in Resources */ = {isa = PBXBuildFile; fileRef = FB0C94389AFB401BB294FE18 /* Roboto-Medium.ttf */; };
		B8F14B944622431F93C56750 /* Roboto.ttf in Resources */ = {isa = PBXBuildFile; fileRef = BFE4F35A811542DE97D7DC10 /* Roboto.ttf */; };
		BDF0B583FB284818A55FBC86 /* Foundation.ttf in Resources */ = {isa = PBXBuildFile; fileRef = 61D953A2BC734E979526969D /* Foundation.ttf */; };
		C53CA6F3B5754E2F85AB8C5C /* MaterialIcons.ttf in Resources */ = {isa = PBXBuildFile; fileRef = 6BDFF38C60774ADA94A4F6DC /* MaterialIcons.ttf */; };
		CC7E55B95A654738B71A1582 /* EvilIcons.ttf in Resources */ = {isa = PBXBuildFile; fileRef = 26F172D2E0EC4ECCBD20B926 /* EvilIcons.ttf */; };
		D4BF47D21B9240CDB69D137D /* Zocial.ttf in Resources */ = {isa = PBXBuildFile; fileRef = 8B580D3059054E71A843568D /* Zocial.ttf */; };
		DF56F02A791546EF909DC231 /* libRNI18n.a in Frameworks */ = {isa = PBXBuildFile; fileRef = BCEEAE27356345598656DB98 /* libRNI18n.a */; };
		F6DF3BDCD7D0462385ACC9D0 /* Poppins-Thin.ttf in Resources */ = {isa = PBXBuildFile; fileRef = 80633E6496BF43349435A5B6 /* Poppins-Thin.ttf */; };
		FF02AD38AA404FB8969603BB /* libInteractable.a in Frameworks */ = {isa = PBXBuildFile; fileRef = 8184271749DF42DF9B19F92F /* libInteractable.a */; };
/* End PBXBuildFile section */

/* Begin PBXContainerItemProxy section */
		00C302AB1ABCB8CE00DB3ED1 /* PBXContainerItemProxy */ = {
			isa = PBXContainerItemProxy;
			containerPortal = 00C302A71ABCB8CE00DB3ED1 /* RCTActionSheet.xcodeproj */;
			proxyType = 2;
			remoteGlobalIDString = 134814201AA4EA6300B7C361;
			remoteInfo = RCTActionSheet;
		};
		00C302B91ABCB90400DB3ED1 /* PBXContainerItemProxy */ = {
			isa = PBXContainerItemProxy;
			containerPortal = 00C302B51ABCB90400DB3ED1 /* RCTGeolocation.xcodeproj */;
			proxyType = 2;
			remoteGlobalIDString = 134814201AA4EA6300B7C361;
			remoteInfo = RCTGeolocation;
		};
		00C302BF1ABCB91800DB3ED1 /* PBXContainerItemProxy */ = {
			isa = PBXContainerItemProxy;
			containerPortal = 00C302BB1ABCB91800DB3ED1 /* RCTImage.xcodeproj */;
			proxyType = 2;
			remoteGlobalIDString = 58B5115D1A9E6B3D00147676;
			remoteInfo = RCTImage;
		};
		00C302DB1ABCB9D200DB3ED1 /* PBXContainerItemProxy */ = {
			isa = PBXContainerItemProxy;
			containerPortal = 00C302D31ABCB9D200DB3ED1 /* RCTNetwork.xcodeproj */;
			proxyType = 2;
			remoteGlobalIDString = 58B511DB1A9E6C8500147676;
			remoteInfo = RCTNetwork;
		};
		00C302E31ABCB9EE00DB3ED1 /* PBXContainerItemProxy */ = {
			isa = PBXContainerItemProxy;
			containerPortal = 00C302DF1ABCB9EE00DB3ED1 /* RCTVibration.xcodeproj */;
			proxyType = 2;
			remoteGlobalIDString = 832C81801AAF6DEF007FA2F7;
			remoteInfo = RCTVibration;
		};
		00E356F41AD99517003FC87E /* PBXContainerItemProxy */ = {
			isa = PBXContainerItemProxy;
			containerPortal = 83CBB9F71A601CBA00E9B192 /* Project object */;
			proxyType = 1;
			remoteGlobalIDString = 13B07F861A680F5B00A75B9A;
			remoteInfo = PullUp;
		};
		139105C01AF99BAD00B5F7CC /* PBXContainerItemProxy */ = {
			isa = PBXContainerItemProxy;
			containerPortal = 139105B61AF99BAD00B5F7CC /* RCTSettings.xcodeproj */;
			proxyType = 2;
			remoteGlobalIDString = 134814201AA4EA6300B7C361;
			remoteInfo = RCTSettings;
		};
		139FDEF31B06529B00C62182 /* PBXContainerItemProxy */ = {
			isa = PBXContainerItemProxy;
			containerPortal = 139FDEE61B06529A00C62182 /* RCTWebSocket.xcodeproj */;
			proxyType = 2;
			remoteGlobalIDString = 3C86DF461ADF2C930047B81A;
			remoteInfo = RCTWebSocket;
		};
		146834031AC3E56700842450 /* PBXContainerItemProxy */ = {
			isa = PBXContainerItemProxy;
			containerPortal = 146833FF1AC3E56700842450 /* React.xcodeproj */;
			proxyType = 2;
			remoteGlobalIDString = 83CBBA2E1A601D0E00E9B192;
			remoteInfo = React;
		};
		3DAD3E831DF850E9000B6D8A /* PBXContainerItemProxy */ = {
			isa = PBXContainerItemProxy;
			containerPortal = 00C302BB1ABCB91800DB3ED1 /* RCTImage.xcodeproj */;
			proxyType = 2;
			remoteGlobalIDString = 2D2A283A1D9B042B00D4039D;
			remoteInfo = "RCTImage-tvOS";
		};
		3DAD3E871DF850E9000B6D8A /* PBXContainerItemProxy */ = {
			isa = PBXContainerItemProxy;
			containerPortal = 78C398B01ACF4ADC00677621 /* RCTLinking.xcodeproj */;
			proxyType = 2;
			remoteGlobalIDString = 2D2A28471D9B043800D4039D;
			remoteInfo = "RCTLinking-tvOS";
		};
		3DAD3E8B1DF850E9000B6D8A /* PBXContainerItemProxy */ = {
			isa = PBXContainerItemProxy;
			containerPortal = 00C302D31ABCB9D200DB3ED1 /* RCTNetwork.xcodeproj */;
			proxyType = 2;
			remoteGlobalIDString = 2D2A28541D9B044C00D4039D;
			remoteInfo = "RCTNetwork-tvOS";
		};
		3DAD3E8F1DF850E9000B6D8A /* PBXContainerItemProxy */ = {
			isa = PBXContainerItemProxy;
			containerPortal = 139105B61AF99BAD00B5F7CC /* RCTSettings.xcodeproj */;
			proxyType = 2;
			remoteGlobalIDString = 2D2A28611D9B046600D4039D;
			remoteInfo = "RCTSettings-tvOS";
		};
		3DAD3E931DF850E9000B6D8A /* PBXContainerItemProxy */ = {
			isa = PBXContainerItemProxy;
			containerPortal = 832341B01AAA6A8300B99B32 /* RCTText.xcodeproj */;
			proxyType = 2;
			remoteGlobalIDString = 2D2A287B1D9B048500D4039D;
			remoteInfo = "RCTText-tvOS";
		};
		3DAD3E981DF850E9000B6D8A /* PBXContainerItemProxy */ = {
			isa = PBXContainerItemProxy;
			containerPortal = 139FDEE61B06529A00C62182 /* RCTWebSocket.xcodeproj */;
			proxyType = 2;
			remoteGlobalIDString = 2D2A28881D9B049200D4039D;
			remoteInfo = "RCTWebSocket-tvOS";
		};
		3DAD3EA21DF850E9000B6D8A /* PBXContainerItemProxy */ = {
			isa = PBXContainerItemProxy;
			containerPortal = 146833FF1AC3E56700842450 /* React.xcodeproj */;
			proxyType = 2;
			remoteGlobalIDString = 2D2A28131D9B038B00D4039D;
			remoteInfo = "React-tvOS";
		};
		3DAD3EA41DF850E9000B6D8A /* PBXContainerItemProxy */ = {
			isa = PBXContainerItemProxy;
			containerPortal = 146833FF1AC3E56700842450 /* React.xcodeproj */;
			proxyType = 2;
			remoteGlobalIDString = 3D3C059A1DE3340900C268FA;
			remoteInfo = yoga;
		};
		3DAD3EA61DF850E9000B6D8A /* PBXContainerItemProxy */ = {
			isa = PBXContainerItemProxy;
			containerPortal = 146833FF1AC3E56700842450 /* React.xcodeproj */;
			proxyType = 2;
			remoteGlobalIDString = 3D3C06751DE3340C00C268FA;
			remoteInfo = "yoga-tvOS";
		};
		3DAD3EA81DF850E9000B6D8A /* PBXContainerItemProxy */ = {
			isa = PBXContainerItemProxy;
			containerPortal = 146833FF1AC3E56700842450 /* React.xcodeproj */;
			proxyType = 2;
			remoteGlobalIDString = 3D3CD9251DE5FBEC00167DC4;
			remoteInfo = cxxreact;
		};
		3DAD3EAA1DF850E9000B6D8A /* PBXContainerItemProxy */ = {
			isa = PBXContainerItemProxy;
			containerPortal = 146833FF1AC3E56700842450 /* React.xcodeproj */;
			proxyType = 2;
			remoteGlobalIDString = 3D3CD9321DE5FBEE00167DC4;
			remoteInfo = "cxxreact-tvOS";
		};
		3DAD3EAC1DF850E9000B6D8A /* PBXContainerItemProxy */ = {
			isa = PBXContainerItemProxy;
			containerPortal = 146833FF1AC3E56700842450 /* React.xcodeproj */;
			proxyType = 2;
			remoteGlobalIDString = 3D3CD90B1DE5FBD600167DC4;
			remoteInfo = jschelpers;
		};
		3DAD3EAE1DF850E9000B6D8A /* PBXContainerItemProxy */ = {
			isa = PBXContainerItemProxy;
			containerPortal = 146833FF1AC3E56700842450 /* React.xcodeproj */;
			proxyType = 2;
			remoteGlobalIDString = 3D3CD9181DE5FBD800167DC4;
			remoteInfo = "jschelpers-tvOS";
		};
		5E9157321DD0AC6500FF2AA8 /* PBXContainerItemProxy */ = {
			isa = PBXContainerItemProxy;
			containerPortal = 5E91572D1DD0AC6500FF2AA8 /* RCTAnimation.xcodeproj */;
			proxyType = 2;
			remoteGlobalIDString = 134814201AA4EA6300B7C361;
			remoteInfo = RCTAnimation;
		};
		5E9157341DD0AC6500FF2AA8 /* PBXContainerItemProxy */ = {
			isa = PBXContainerItemProxy;
			containerPortal = 5E91572D1DD0AC6500FF2AA8 /* RCTAnimation.xcodeproj */;
			proxyType = 2;
			remoteGlobalIDString = 2D2A28201D9B03D100D4039D;
			remoteInfo = "RCTAnimation-tvOS";
		};
		78C398B81ACF4ADC00677621 /* PBXContainerItemProxy */ = {
			isa = PBXContainerItemProxy;
			containerPortal = 78C398B01ACF4ADC00677621 /* RCTLinking.xcodeproj */;
			proxyType = 2;
			remoteGlobalIDString = 134814201AA4EA6300B7C361;
			remoteInfo = RCTLinking;
		};
		832341B41AAA6A8300B99B32 /* PBXContainerItemProxy */ = {
			isa = PBXContainerItemProxy;
			containerPortal = 832341B01AAA6A8300B99B32 /* RCTText.xcodeproj */;
			proxyType = 2;
			remoteGlobalIDString = 58B5119B1A9E6C1200147676;
			remoteInfo = RCTText;
		};
		890F70AC2015207300B20760 /* PBXContainerItemProxy */ = {
			isa = PBXContainerItemProxy;
			containerPortal = AD642FF8CEC642748D89BF13 /* RNSVG.xcodeproj */;
			proxyType = 2;
			remoteGlobalIDString = 0CF68AC11AF0540F00FF9E5C;
			remoteInfo = RNSVG;
		};
		890F70AE2015207300B20760 /* PBXContainerItemProxy */ = {
			isa = PBXContainerItemProxy;
			containerPortal = AD642FF8CEC642748D89BF13 /* RNSVG.xcodeproj */;
			proxyType = 2;
			remoteGlobalIDString = 890F70A72015207300B20760;
			remoteInfo = "RNSVG-tvOS";
		};
		89147568202B9831006FC15F /* PBXContainerItemProxy */ = {
			isa = PBXContainerItemProxy;
			containerPortal = 4ADDE047E32E4E5EA3126645 /* SplashScreen.xcodeproj */;
			proxyType = 2;
			remoteGlobalIDString = 3D7682761D8E76B80014119E;
			remoteInfo = SplashScreen;
		};
		891935BF1F8E62C500F90E16 /* PBXContainerItemProxy */ = {
			isa = PBXContainerItemProxy;
			containerPortal = 891935AD1F8E62C500F90E16 /* RCTPushNotification.xcodeproj */;
			proxyType = 2;
			remoteGlobalIDString = 134814201AA4EA6300B7C361;
			remoteInfo = RCTPushNotification;
		};
		891935C11F8E62C500F90E16 /* PBXContainerItemProxy */ = {
			isa = PBXContainerItemProxy;
			containerPortal = 891935AD1F8E62C500F90E16 /* RCTPushNotification.xcodeproj */;
			proxyType = 2;
			remoteGlobalIDString = 3D05745F1DE6004600184BB4;
			remoteInfo = "RCTPushNotification-tvOS";
		};
		891DD84C1F767EE800778779 /* PBXContainerItemProxy */ = {
			isa = PBXContainerItemProxy;
			containerPortal = ADBDB91F1DFEBF0600ED6528 /* RCTBlob.xcodeproj */;
			proxyType = 2;
			remoteGlobalIDString = ADD01A681E09402E00F6D226;
			remoteInfo = "RCTBlob-tvOS";
		};
		8928F90F2029B7E7005B8BD0 /* PBXContainerItemProxy */ = {
			isa = PBXContainerItemProxy;
			containerPortal = 58A7320BA69D45B2BE47AFAE /* Interactable.xcodeproj */;
			proxyType = 2;
			remoteGlobalIDString = CC0127971E3ACC3900B23C9F;
			remoteInfo = Interactable;
		};
		893111ED1F7F89DC007A00D4 /* PBXContainerItemProxy */ = {
			isa = PBXContainerItemProxy;
			containerPortal = 3D8513DAEECD4033AE56669B /* RNI18n.xcodeproj */;
			proxyType = 2;
			remoteGlobalIDString = 134814201AA4EA6300B7C361;
			remoteInfo = RNI18n;
		};
		893111EF1F7F89DC007A00D4 /* PBXContainerItemProxy */ = {
			isa = PBXContainerItemProxy;
			containerPortal = 3D8513DAEECD4033AE56669B /* RNI18n.xcodeproj */;
			proxyType = 2;
			remoteGlobalIDString = 6476C4051EEAA69700B10F51;
			remoteInfo = "RNI18n-tvOS";
		};
		894E54E31F7681BF001C127B /* PBXContainerItemProxy */ = {
			isa = PBXContainerItemProxy;
			containerPortal = 146833FF1AC3E56700842450 /* React.xcodeproj */;
			proxyType = 2;
			remoteGlobalIDString = 139D7ECE1E25DB7D00323FB7;
			remoteInfo = "third-party";
		};
		894E54E51F7681BF001C127B /* PBXContainerItemProxy */ = {
			isa = PBXContainerItemProxy;
			containerPortal = 146833FF1AC3E56700842450 /* React.xcodeproj */;
			proxyType = 2;
			remoteGlobalIDString = 3D383D3C1EBD27B6005632C8;
			remoteInfo = "third-party-tvOS";
		};
		894E54E71F7681BF001C127B /* PBXContainerItemProxy */ = {
			isa = PBXContainerItemProxy;
			containerPortal = 146833FF1AC3E56700842450 /* React.xcodeproj */;
			proxyType = 2;
			remoteGlobalIDString = 139D7E881E25C6D100323FB7;
			remoteInfo = "double-conversion";
		};
		894E54E91F7681BF001C127B /* PBXContainerItemProxy */ = {
			isa = PBXContainerItemProxy;
			containerPortal = 146833FF1AC3E56700842450 /* React.xcodeproj */;
			proxyType = 2;
			remoteGlobalIDString = 3D383D621EBD27B9005632C8;
			remoteInfo = "double-conversion-tvOS";
		};
		894E552E1F7686BD001C127B /* PBXContainerItemProxy */ = {
			isa = PBXContainerItemProxy;
			containerPortal = DC7B7BDF80E142BBB2653A14 /* RNVectorIcons.xcodeproj */;
			proxyType = 2;
			remoteGlobalIDString = 5DBEB1501B18CEA900B34395;
			remoteInfo = RNVectorIcons;
		};
		89AC00CF20278BDB0032674B /* PBXContainerItemProxy */ = {
			isa = PBXContainerItemProxy;
			containerPortal = 19EB26E0DBF54CD8B081DE3A /* KCKeepAwake.xcodeproj */;
			proxyType = 2;
			remoteGlobalIDString = 134814201AA4EA6300B7C361;
			remoteInfo = KCKeepAwake;
		};
		89AD8FE01FEEB89700EC0238 /* PBXContainerItemProxy */ = {
			isa = PBXContainerItemProxy;
			containerPortal = 139FDEE61B06529A00C62182 /* RCTWebSocket.xcodeproj */;
			proxyType = 2;
			remoteGlobalIDString = 3DBE0D001F3B181A0099AA32;
			remoteInfo = fishhook;
		};
		89AD8FE21FEEB89700EC0238 /* PBXContainerItemProxy */ = {
			isa = PBXContainerItemProxy;
			containerPortal = 139FDEE61B06529A00C62182 /* RCTWebSocket.xcodeproj */;
			proxyType = 2;
			remoteGlobalIDString = 3DBE0D0D1F3B181C0099AA32;
			remoteInfo = "fishhook-tvOS";
		};
		89AD8FF21FEEB89700EC0238 /* PBXContainerItemProxy */ = {
			isa = PBXContainerItemProxy;
			containerPortal = 146833FF1AC3E56700842450 /* React.xcodeproj */;
			proxyType = 2;
			remoteGlobalIDString = 9936F3131F5F2E4B0010BF04;
			remoteInfo = privatedata;
		};
		89AD8FF41FEEB89700EC0238 /* PBXContainerItemProxy */ = {
			isa = PBXContainerItemProxy;
			containerPortal = 146833FF1AC3E56700842450 /* React.xcodeproj */;
			proxyType = 2;
			remoteGlobalIDString = 9936F32F1F5F2E5B0010BF04;
			remoteInfo = "privatedata-tvOS";
		};
		89AD8FFC1FEEB89700EC0238 /* PBXContainerItemProxy */ = {
			isa = PBXContainerItemProxy;
			containerPortal = 2135E19C47AA4AD7A7E9D18C /* RNImagePicker.xcodeproj */;
			proxyType = 2;
			remoteGlobalIDString = 014A3B5C1C6CF33500B6D375;
			remoteInfo = RNImagePicker;
		};
		89AD90021FEEB89700EC0238 /* PBXContainerItemProxy */ = {
			isa = PBXContainerItemProxy;
			containerPortal = B79264D24AAA40DDAAEB8242 /* RNSpinkit.xcodeproj */;
			proxyType = 2;
			remoteGlobalIDString = D42CB3511B2538DE00FD0AE2;
			remoteInfo = RNSpinkit;
		};
		89AD90041FEEB89700EC0238 /* PBXContainerItemProxy */ = {
			isa = PBXContainerItemProxy;
			containerPortal = B79264D24AAA40DDAAEB8242 /* RNSpinkit.xcodeproj */;
			proxyType = 2;
			remoteGlobalIDString = 641194871EC9FD4A00D4FC03;
			remoteInfo = "RNSpinkit-tvOS";
		};
		89E30F5720377AC30030D1E4 /* PBXContainerItemProxy */ = {
			isa = PBXContainerItemProxy;
			containerPortal = 9AF8B84909604494ABC02DA1 /* BVLinearGradient.xcodeproj */;
			proxyType = 2;
			remoteGlobalIDString = 134814201AA4EA6300B7C361;
			remoteInfo = BVLinearGradient;
		};
		89E30F5920377AC30030D1E4 /* PBXContainerItemProxy */ = {
			isa = PBXContainerItemProxy;
			containerPortal = 9AF8B84909604494ABC02DA1 /* BVLinearGradient.xcodeproj */;
			proxyType = 2;
			remoteGlobalIDString = 64AA15081EF7F30100718508;
			remoteInfo = "BVLinearGradient-tvOS";
		};
		89FCEF0C20360ADB0048D0D4 /* PBXContainerItemProxy */ = {
			isa = PBXContainerItemProxy;
			containerPortal = 89FCEF0720360ADA0048D0D4 /* ART.xcodeproj */;
			proxyType = 2;
			remoteGlobalIDString = 0CF68AC11AF0540F00FF9E5C;
			remoteInfo = ART;
		};
		89FCEF0E20360ADB0048D0D4 /* PBXContainerItemProxy */ = {
			isa = PBXContainerItemProxy;
			containerPortal = 89FCEF0720360ADA0048D0D4 /* ART.xcodeproj */;
			proxyType = 2;
			remoteGlobalIDString = 323A12871E5F266B004975B8;
			remoteInfo = "ART-tvOS";
		};
		ADBDB9261DFEBF0700ED6528 /* PBXContainerItemProxy */ = {
			isa = PBXContainerItemProxy;
			containerPortal = ADBDB91F1DFEBF0600ED6528 /* RCTBlob.xcodeproj */;
			proxyType = 2;
			remoteGlobalIDString = 358F4ED71D1E81A9004DF814;
			remoteInfo = RCTBlob;
		};
/* End PBXContainerItemProxy section */

/* Begin PBXFileReference section */
		008F07F21AC5B25A0029DE68 /* main.jsbundle */ = {isa = PBXFileReference; fileEncoding = 4; lastKnownFileType = text; path = main.jsbundle; sourceTree = "<group>"; };
		00C302A71ABCB8CE00DB3ED1 /* RCTActionSheet.xcodeproj */ = {isa = PBXFileReference; lastKnownFileType = "wrapper.pb-project"; name = RCTActionSheet.xcodeproj; path = "../node_modules/react-native/Libraries/ActionSheetIOS/RCTActionSheet.xcodeproj"; sourceTree = "<group>"; };
		00C302B51ABCB90400DB3ED1 /* RCTGeolocation.xcodeproj */ = {isa = PBXFileReference; lastKnownFileType = "wrapper.pb-project"; name = RCTGeolocation.xcodeproj; path = "../node_modules/react-native/Libraries/Geolocation/RCTGeolocation.xcodeproj"; sourceTree = "<group>"; };
		00C302BB1ABCB91800DB3ED1 /* RCTImage.xcodeproj */ = {isa = PBXFileReference; lastKnownFileType = "wrapper.pb-project"; name = RCTImage.xcodeproj; path = "../node_modules/react-native/Libraries/Image/RCTImage.xcodeproj"; sourceTree = "<group>"; };
		00C302D31ABCB9D200DB3ED1 /* RCTNetwork.xcodeproj */ = {isa = PBXFileReference; lastKnownFileType = "wrapper.pb-project"; name = RCTNetwork.xcodeproj; path = "../node_modules/react-native/Libraries/Network/RCTNetwork.xcodeproj"; sourceTree = "<group>"; };
		00C302DF1ABCB9EE00DB3ED1 /* RCTVibration.xcodeproj */ = {isa = PBXFileReference; lastKnownFileType = "wrapper.pb-project"; name = RCTVibration.xcodeproj; path = "../node_modules/react-native/Libraries/Vibration/RCTVibration.xcodeproj"; sourceTree = "<group>"; };
		00E356EE1AD99517003FC87E /* PullUpTests.xctest */ = {isa = PBXFileReference; explicitFileType = wrapper.cfbundle; includeInIndex = 0; path = PullUpTests.xctest; sourceTree = BUILT_PRODUCTS_DIR; };
		00E356F11AD99517003FC87E /* Info.plist */ = {isa = PBXFileReference; lastKnownFileType = text.plist.xml; path = Info.plist; sourceTree = "<group>"; };
		00E356F21AD99517003FC87E /* PullUpTests.m */ = {isa = PBXFileReference; lastKnownFileType = sourcecode.c.objc; path = PullUpTests.m; sourceTree = "<group>"; };
		07C3E3C78FB74077AC2A136A /* Octicons.ttf */ = {isa = PBXFileReference; explicitFileType = undefined; fileEncoding = 9; includeInIndex = 0; lastKnownFileType = unknown; name = Octicons.ttf; path = "../node_modules/react-native-vector-icons/Fonts/Octicons.ttf"; sourceTree = "<group>"; };
		09AE5060B9414BC8A2AF0614 /* Feather.ttf */ = {isa = PBXFileReference; explicitFileType = undefined; fileEncoding = 9; includeInIndex = 0; lastKnownFileType = unknown; name = Feather.ttf; path = "../node_modules/react-native-vector-icons/Fonts/Feather.ttf"; sourceTree = "<group>"; };
		0C07702EBB424B089DAC2B98 /* Roboto-Black.ttf */ = {isa = PBXFileReference; explicitFileType = undefined; fileEncoding = 9; includeInIndex = 0; lastKnownFileType = unknown; name = "Roboto-Black.ttf"; path = "../assets/fonts/Roboto-Black.ttf"; sourceTree = "<group>"; };
		0CE361A2B51A4C0996F0E60B /* Foundation.ttf */ = {isa = PBXFileReference; explicitFileType = undefined; fileEncoding = 9; includeInIndex = 0; lastKnownFileType = unknown; name = Foundation.ttf; path = "../node_modules/react-native-vector-icons/Fonts/Foundation.ttf"; sourceTree = "<group>"; };
		139105B61AF99BAD00B5F7CC /* RCTSettings.xcodeproj */ = {isa = PBXFileReference; lastKnownFileType = "wrapper.pb-project"; name = RCTSettings.xcodeproj; path = "../node_modules/react-native/Libraries/Settings/RCTSettings.xcodeproj"; sourceTree = "<group>"; };
		139FDEE61B06529A00C62182 /* RCTWebSocket.xcodeproj */ = {isa = PBXFileReference; lastKnownFileType = "wrapper.pb-project"; name = RCTWebSocket.xcodeproj; path = "../node_modules/react-native/Libraries/WebSocket/RCTWebSocket.xcodeproj"; sourceTree = "<group>"; };
		13B07F961A680F5B00A75B9A /* PullUp.app */ = {isa = PBXFileReference; explicitFileType = wrapper.application; includeInIndex = 0; path = PullUp.app; sourceTree = BUILT_PRODUCTS_DIR; };
		13B07FAF1A68108700A75B9A /* AppDelegate.h */ = {isa = PBXFileReference; fileEncoding = 4; lastKnownFileType = sourcecode.c.h; name = AppDelegate.h; path = PullUp/AppDelegate.h; sourceTree = "<group>"; };
		13B07FB01A68108700A75B9A /* AppDelegate.m */ = {isa = PBXFileReference; fileEncoding = 4; lastKnownFileType = sourcecode.c.objc; name = AppDelegate.m; path = PullUp/AppDelegate.m; sourceTree = "<group>"; };
		13B07FB21A68108700A75B9A /* Base */ = {isa = PBXFileReference; lastKnownFileType = file.xib; name = Base; path = Base.lproj/LaunchScreen.xib; sourceTree = "<group>"; };
		13B07FB51A68108700A75B9A /* Images.xcassets */ = {isa = PBXFileReference; lastKnownFileType = folder.assetcatalog; name = Images.xcassets; path = PullUp/Images.xcassets; sourceTree = "<group>"; };
		13B07FB61A68108700A75B9A /* Info.plist */ = {isa = PBXFileReference; fileEncoding = 4; lastKnownFileType = text.plist.xml; name = Info.plist; path = PullUp/Info.plist; sourceTree = "<group>"; };
		13B07FB71A68108700A75B9A /* main.m */ = {isa = PBXFileReference; fileEncoding = 4; lastKnownFileType = sourcecode.c.objc; name = main.m; path = PullUp/main.m; sourceTree = "<group>"; };
		146833FF1AC3E56700842450 /* React.xcodeproj */ = {isa = PBXFileReference; lastKnownFileType = "wrapper.pb-project"; name = React.xcodeproj; path = "../node_modules/react-native/React/React.xcodeproj"; sourceTree = "<group>"; };
		16F895C14D304470836175A4 /* Poppins-Regular.ttf */ = {isa = PBXFileReference; explicitFileType = undefined; fileEncoding = 9; includeInIndex = 0; lastKnownFileType = unknown; name = "Poppins-Regular.ttf"; path = "../assets/fonts/Poppins-Regular.ttf"; sourceTree = "<group>"; };
		19CC1796364A4AAFB81AE400 /* SimpleLineIcons.ttf */ = {isa = PBXFileReference; explicitFileType = undefined; fileEncoding = 9; includeInIndex = 0; lastKnownFileType = unknown; name = SimpleLineIcons.ttf; path = "../node_modules/react-native-vector-icons/Fonts/SimpleLineIcons.ttf"; sourceTree = "<group>"; };
		19EB26E0DBF54CD8B081DE3A /* KCKeepAwake.xcodeproj */ = {isa = PBXFileReference; explicitFileType = undefined; fileEncoding = 9; includeInIndex = 0; lastKnownFileType = "wrapper.pb-project"; name = KCKeepAwake.xcodeproj; path = "../node_modules/react-native-keep-awake/ios/KCKeepAwake.xcodeproj"; sourceTree = "<group>"; };
		1D7F49885BDA4632AD9A54D7 /* Zocial.ttf */ = {isa = PBXFileReference; explicitFileType = undefined; fileEncoding = 9; includeInIndex = 0; lastKnownFileType = unknown; name = Zocial.ttf; path = "../node_modules/react-native-vector-icons/Fonts/Zocial.ttf"; sourceTree = "<group>"; };
		1ECC7740EC1D474BBE4B0A8E /* Ionicons.ttf */ = {isa = PBXFileReference; explicitFileType = undefined; fileEncoding = 9; includeInIndex = 0; lastKnownFileType = unknown; name = Ionicons.ttf; path = "../node_modules/react-native-vector-icons/Fonts/Ionicons.ttf"; sourceTree = "<group>"; };
		2084EED47DD64F0F84611B60 /* MaterialIcons.ttf */ = {isa = PBXFileReference; explicitFileType = undefined; fileEncoding = 9; includeInIndex = 0; lastKnownFileType = unknown; name = MaterialIcons.ttf; path = "../node_modules/native-base/Fonts/MaterialIcons.ttf"; sourceTree = "<group>"; };
		2135E19C47AA4AD7A7E9D18C /* RNImagePicker.xcodeproj */ = {isa = PBXFileReference; explicitFileType = undefined; fileEncoding = 9; includeInIndex = 0; lastKnownFileType = "wrapper.pb-project"; name = RNImagePicker.xcodeproj; path = "../node_modules/react-native-image-picker/ios/RNImagePicker.xcodeproj"; sourceTree = "<group>"; };
		26F172D2E0EC4ECCBD20B926 /* EvilIcons.ttf */ = {isa = PBXFileReference; explicitFileType = undefined; fileEncoding = 9; includeInIndex = 0; lastKnownFileType = unknown; name = EvilIcons.ttf; path = "../node_modules/native-base/Fonts/EvilIcons.ttf"; sourceTree = "<group>"; };
		291CDEADF41C473BAFA93013 /* Poppins-Black.ttf */ = {isa = PBXFileReference; explicitFileType = undefined; fileEncoding = 9; includeInIndex = 0; lastKnownFileType = unknown; name = "Poppins-Black.ttf"; path = "../assets/fonts/Poppins-Black.ttf"; sourceTree = "<group>"; };
		29413E77D9614D2DABD3BE1A /* Entypo.ttf */ = {isa = PBXFileReference; explicitFileType = undefined; fileEncoding = 9; includeInIndex = 0; lastKnownFileType = unknown; name = Entypo.ttf; path = "../node_modules/native-base/Fonts/Entypo.ttf"; sourceTree = "<group>"; };
		2F4494C47CE54053803FFBEA /* Poppins-Medium.ttf */ = {isa = PBXFileReference; explicitFileType = undefined; fileEncoding = 9; includeInIndex = 0; lastKnownFileType = unknown; name = "Poppins-Medium.ttf"; path = "../assets/fonts/Poppins-Medium.ttf"; sourceTree = "<group>"; };
		3C41F77DCF324E5BB1B5AE5F /* FontAwesome.ttf */ = {isa = PBXFileReference; explicitFileType = undefined; fileEncoding = 9; includeInIndex = 0; lastKnownFileType = unknown; name = FontAwesome.ttf; path = "../node_modules/react-native-vector-icons/Fonts/FontAwesome.ttf"; sourceTree = "<group>"; };
		3D8513DAEECD4033AE56669B /* RNI18n.xcodeproj */ = {isa = PBXFileReference; explicitFileType = undefined; fileEncoding = 9; includeInIndex = 0; lastKnownFileType = "wrapper.pb-project"; name = RNI18n.xcodeproj; path = "../node_modules/react-native-i18n/ios/RNI18n.xcodeproj"; sourceTree = "<group>"; };
		4147FCEF70E2485A8BB8196D /* libRNSpinkit.a */ = {isa = PBXFileReference; explicitFileType = undefined; fileEncoding = 9; includeInIndex = 0; lastKnownFileType = archive.ar; path = libRNSpinkit.a; sourceTree = "<group>"; };
		42CD4F70F0BC4AE9AE11E35B /* Roboto-Light.ttf */ = {isa = PBXFileReference; explicitFileType = undefined; fileEncoding = 9; includeInIndex = 0; lastKnownFileType = unknown; name = "Roboto-Light.ttf"; path = "../assets/fonts/Roboto-Light.ttf"; sourceTree = "<group>"; };
		456DCEC2E7BC43BE864EF069 /* MaterialCommunityIcons.ttf */ = {isa = PBXFileReference; explicitFileType = undefined; fileEncoding = 9; includeInIndex = 0; lastKnownFileType = unknown; name = MaterialCommunityIcons.ttf; path = "../node_modules/react-native-vector-icons/Fonts/MaterialCommunityIcons.ttf"; sourceTree = "<group>"; };
		4A865F3F58104D50A4B6482A /* Ionicons.ttf */ = {isa = PBXFileReference; explicitFileType = undefined; fileEncoding = 9; includeInIndex = 0; lastKnownFileType = unknown; name = Ionicons.ttf; path = "../node_modules/native-base/Fonts/Ionicons.ttf"; sourceTree = "<group>"; };
		4ADDE047E32E4E5EA3126645 /* SplashScreen.xcodeproj */ = {isa = PBXFileReference; explicitFileType = undefined; fileEncoding = 9; includeInIndex = 0; lastKnownFileType = "wrapper.pb-project"; name = SplashScreen.xcodeproj; path = "../node_modules/react-native-splash-screen/ios/SplashScreen.xcodeproj"; sourceTree = "<group>"; };
		4E2D4F1B095143BA98C5EC92 /* libRNImagePicker.a */ = {isa = PBXFileReference; explicitFileType = undefined; fileEncoding = 9; includeInIndex = 0; lastKnownFileType = archive.ar; path = libRNImagePicker.a; sourceTree = "<group>"; };
		58A7320BA69D45B2BE47AFAE /* Interactable.xcodeproj */ = {isa = PBXFileReference; explicitFileType = undefined; fileEncoding = 9; includeInIndex = 0; lastKnownFileType = "wrapper.pb-project"; name = Interactable.xcodeproj; path = "../node_modules/react-native-interactable/ios/Interactable.xcodeproj"; sourceTree = "<group>"; };
		5E91572D1DD0AC6500FF2AA8 /* RCTAnimation.xcodeproj */ = {isa = PBXFileReference; lastKnownFileType = "wrapper.pb-project"; name = RCTAnimation.xcodeproj; path = "../node_modules/react-native/Libraries/NativeAnimation/RCTAnimation.xcodeproj"; sourceTree = "<group>"; };
		61D953A2BC734E979526969D /* Foundation.ttf */ = {isa = PBXFileReference; explicitFileType = undefined; fileEncoding = 9; includeInIndex = 0; lastKnownFileType = unknown; name = Foundation.ttf; path = "../node_modules/native-base/Fonts/Foundation.ttf"; sourceTree = "<group>"; };
		62ACC205B6BB4644818C6053 /* Entypo.ttf */ = {isa = PBXFileReference; explicitFileType = undefined; fileEncoding = 9; includeInIndex = 0; lastKnownFileType = unknown; name = Entypo.ttf; path = "../node_modules/react-native-vector-icons/Fonts/Entypo.ttf"; sourceTree = "<group>"; };
		6BDFF38C60774ADA94A4F6DC /* MaterialIcons.ttf */ = {isa = PBXFileReference; explicitFileType = undefined; fileEncoding = 9; includeInIndex = 0; lastKnownFileType = unknown; name = MaterialIcons.ttf; path = "../node_modules/react-native-vector-icons/Fonts/MaterialIcons.ttf"; sourceTree = "<group>"; };
		78C398B01ACF4ADC00677621 /* RCTLinking.xcodeproj */ = {isa = PBXFileReference; lastKnownFileType = "wrapper.pb-project"; name = RCTLinking.xcodeproj; path = "../node_modules/react-native/Libraries/LinkingIOS/RCTLinking.xcodeproj"; sourceTree = "<group>"; };
		7B8FF582D7E640F186B78E1A /* libRNSVG.a */ = {isa = PBXFileReference; explicitFileType = undefined; fileEncoding = 9; includeInIndex = 0; lastKnownFileType = archive.ar; path = libRNSVG.a; sourceTree = "<group>"; };
		80633E6496BF43349435A5B6 /* Poppins-Thin.ttf */ = {isa = PBXFileReference; explicitFileType = undefined; fileEncoding = 9; includeInIndex = 0; lastKnownFileType = unknown; name = "Poppins-Thin.ttf"; path = "../assets/fonts/Poppins-Thin.ttf"; sourceTree = "<group>"; };
		8184271749DF42DF9B19F92F /* libInteractable.a */ = {isa = PBXFileReference; explicitFileType = undefined; fileEncoding = 9; includeInIndex = 0; lastKnownFileType = archive.ar; path = libInteractable.a; sourceTree = "<group>"; };
		81851B0028934A86BAAAB541 /* FontAwesome.ttf */ = {isa = PBXFileReference; explicitFileType = undefined; fileEncoding = 9; includeInIndex = 0; lastKnownFileType = unknown; name = FontAwesome.ttf; path = "../node_modules/native-base/Fonts/FontAwesome.ttf"; sourceTree = "<group>"; };
		832341B01AAA6A8300B99B32 /* RCTText.xcodeproj */ = {isa = PBXFileReference; lastKnownFileType = "wrapper.pb-project"; name = RCTText.xcodeproj; path = "../node_modules/react-native/Libraries/Text/RCTText.xcodeproj"; sourceTree = "<group>"; };
		88D48D18DC8E43409C63F206 /* libRNVectorIcons.a */ = {isa = PBXFileReference; explicitFileType = undefined; fileEncoding = 9; includeInIndex = 0; lastKnownFileType = archive.ar; path = libRNVectorIcons.a; sourceTree = "<group>"; };
		891935AD1F8E62C500F90E16 /* RCTPushNotification.xcodeproj */ = {isa = PBXFileReference; lastKnownFileType = "wrapper.pb-project"; name = RCTPushNotification.xcodeproj; path = "../node_modules/react-native/Libraries/PushNotificationIOS/RCTPushNotification.xcodeproj"; sourceTree = "<group>"; };
		894E54ED1F768526001C127B /* Bolts.framework */ = {isa = PBXFileReference; lastKnownFileType = wrapper.framework; path = Bolts.framework; sourceTree = "<group>"; };
		894E54EE1F768526001C127B /* FBSDKCoreKit.framework */ = {isa = PBXFileReference; lastKnownFileType = wrapper.framework; path = FBSDKCoreKit.framework; sourceTree = "<group>"; };
		894E54EF1F768526001C127B /* FBSDKLoginKit.framework */ = {isa = PBXFileReference; lastKnownFileType = wrapper.framework; path = FBSDKLoginKit.framework; sourceTree = "<group>"; };
		894E54F01F768526001C127B /* FBSDKShareKit.framework */ = {isa = PBXFileReference; lastKnownFileType = wrapper.framework; path = FBSDKShareKit.framework; sourceTree = "<group>"; };
		89FCEF0720360ADA0048D0D4 /* ART.xcodeproj */ = {isa = PBXFileReference; lastKnownFileType = "wrapper.pb-project"; name = ART.xcodeproj; path = "../node_modules/react-native/Libraries/ART/ART.xcodeproj"; sourceTree = "<group>"; };
		8B580D3059054E71A843568D /* Zocial.ttf */ = {isa = PBXFileReference; explicitFileType = undefined; fileEncoding = 9; includeInIndex = 0; lastKnownFileType = unknown; name = Zocial.ttf; path = "../node_modules/native-base/Fonts/Zocial.ttf"; sourceTree = "<group>"; };
		8B7F670E00C74D38931882B8 /* Roboto_medium.ttf */ = {isa = PBXFileReference; explicitFileType = undefined; fileEncoding = 9; includeInIndex = 0; lastKnownFileType = unknown; name = Roboto_medium.ttf; path = "../node_modules/native-base/Fonts/Roboto_medium.ttf"; sourceTree = "<group>"; };
		9AF8B84909604494ABC02DA1 /* BVLinearGradient.xcodeproj */ = {isa = PBXFileReference; explicitFileType = undefined; fileEncoding = 9; includeInIndex = 0; lastKnownFileType = "wrapper.pb-project"; name = BVLinearGradient.xcodeproj; path = "../node_modules/react-native-linear-gradient/BVLinearGradient.xcodeproj"; sourceTree = "<group>"; };
		A3AE76189B2B44DBA4B432A6 /* SimpleLineIcons.ttf */ = {isa = PBXFileReference; explicitFileType = undefined; fileEncoding = 9; includeInIndex = 0; lastKnownFileType = unknown; name = SimpleLineIcons.ttf; path = "../node_modules/native-base/Fonts/SimpleLineIcons.ttf"; sourceTree = "<group>"; };
		AD642FF8CEC642748D89BF13 /* RNSVG.xcodeproj */ = {isa = PBXFileReference; explicitFileType = undefined; fileEncoding = 9; includeInIndex = 0; lastKnownFileType = "wrapper.pb-project"; name = RNSVG.xcodeproj; path = "../node_modules/react-native-svg/ios/RNSVG.xcodeproj"; sourceTree = "<group>"; };
		ADBDB91F1DFEBF0600ED6528 /* RCTBlob.xcodeproj */ = {isa = PBXFileReference; lastKnownFileType = "wrapper.pb-project"; name = RCTBlob.xcodeproj; path = "../node_modules/react-native/Libraries/Blob/RCTBlob.xcodeproj"; sourceTree = "<group>"; };
		B79264D24AAA40DDAAEB8242 /* RNSpinkit.xcodeproj */ = {isa = PBXFileReference; explicitFileType = undefined; fileEncoding = 9; includeInIndex = 0; lastKnownFileType = "wrapper.pb-project"; name = RNSpinkit.xcodeproj; path = "../node_modules/react-native-spinkit/ios/RNSpinkit.xcodeproj"; sourceTree = "<group>"; };
		BBC16AEB854D46F88F5D9F23 /* libSplashScreen.a */ = {isa = PBXFileReference; explicitFileType = undefined; fileEncoding = 9; includeInIndex = 0; lastKnownFileType = archive.ar; path = libSplashScreen.a; sourceTree = "<group>"; };
		BCEEAE27356345598656DB98 /* libRNI18n.a */ = {isa = PBXFileReference; explicitFileType = undefined; fileEncoding = 9; includeInIndex = 0; lastKnownFileType = archive.ar; path = libRNI18n.a; sourceTree = "<group>"; };
		BFE4F35A811542DE97D7DC10 /* Roboto.ttf */ = {isa = PBXFileReference; explicitFileType = undefined; fileEncoding = 9; includeInIndex = 0; lastKnownFileType = unknown; name = Roboto.ttf; path = "../node_modules/native-base/Fonts/Roboto.ttf"; sourceTree = "<group>"; };
		C315274A88444FD98CAB57EA /* Roboto-Regular.ttf */ = {isa = PBXFileReference; explicitFileType = undefined; fileEncoding = 9; includeInIndex = 0; lastKnownFileType = unknown; name = "Roboto-Regular.ttf"; path = "../assets/fonts/Roboto-Regular.ttf"; sourceTree = "<group>"; };
		C7B5522622D9454DAC3EEFE8 /* Octicons.ttf */ = {isa = PBXFileReference; explicitFileType = undefined; fileEncoding = 9; includeInIndex = 0; lastKnownFileType = unknown; name = Octicons.ttf; path = "../node_modules/native-base/Fonts/Octicons.ttf"; sourceTree = "<group>"; };
		D0DD6BA5922E48F281E1AC57 /* Roboto-Thin.ttf */ = {isa = PBXFileReference; explicitFileType = undefined; fileEncoding = 9; includeInIndex = 0; lastKnownFileType = unknown; name = "Roboto-Thin.ttf"; path = "../assets/fonts/Roboto-Thin.ttf"; sourceTree = "<group>"; };
		D353DFB49C7949E8B4D96E8B /* libBVLinearGradient.a */ = {isa = PBXFileReference; explicitFileType = undefined; fileEncoding = 9; includeInIndex = 0; lastKnownFileType = archive.ar; path = libBVLinearGradient.a; sourceTree = "<group>"; };
		D36ABDDFA1B64F4C82D64C46 /* EvilIcons.ttf */ = {isa = PBXFileReference; explicitFileType = undefined; fileEncoding = 9; includeInIndex = 0; lastKnownFileType = unknown; name = EvilIcons.ttf; path = "../node_modules/react-native-vector-icons/Fonts/EvilIcons.ttf"; sourceTree = "<group>"; };
		D545D79AF19D44F6A651834B /* libKCKeepAwake.a */ = {isa = PBXFileReference; explicitFileType = undefined; fileEncoding = 9; includeInIndex = 0; lastKnownFileType = archive.ar; path = libKCKeepAwake.a; sourceTree = "<group>"; };
		DC5B2E40C49547E8BB5CC09E /* Poppins-Light.ttf */ = {isa = PBXFileReference; explicitFileType = undefined; fileEncoding = 9; includeInIndex = 0; lastKnownFileType = unknown; name = "Poppins-Light.ttf"; path = "../assets/fonts/Poppins-Light.ttf"; sourceTree = "<group>"; };
		DC7B7BDF80E142BBB2653A14 /* RNVectorIcons.xcodeproj */ = {isa = PBXFileReference; explicitFileType = undefined; fileEncoding = 9; includeInIndex = 0; lastKnownFileType = "wrapper.pb-project"; name = RNVectorIcons.xcodeproj; path = "../node_modules/react-native-vector-icons/RNVectorIcons.xcodeproj"; sourceTree = "<group>"; };
		DFC37121B6164EC4A6FD56C4 /* Roboto-Bold.ttf */ = {isa = PBXFileReference; explicitFileType = undefined; fileEncoding = 9; includeInIndex = 0; lastKnownFileType = unknown; name = "Roboto-Bold.ttf"; path = "../assets/fonts/Roboto-Bold.ttf"; sourceTree = "<group>"; };
		EF1F93B7C32C4AC6AA901F71 /* Poppins-Bold.ttf */ = {isa = PBXFileReference; explicitFileType = undefined; fileEncoding = 9; includeInIndex = 0; lastKnownFileType = unknown; name = "Poppins-Bold.ttf"; path = "../assets/fonts/Poppins-Bold.ttf"; sourceTree = "<group>"; };
		EFFA6C8BECC94D96A3CBB4AB /* rubicon-icon-font.ttf */ = {isa = PBXFileReference; explicitFileType = undefined; fileEncoding = 9; includeInIndex = 0; lastKnownFileType = unknown; name = "rubicon-icon-font.ttf"; path = "../node_modules/native-base/Fonts/rubicon-icon-font.ttf"; sourceTree = "<group>"; };
		FB0C94389AFB401BB294FE18 /* Roboto-Medium.ttf */ = {isa = PBXFileReference; explicitFileType = undefined; fileEncoding = 9; includeInIndex = 0; lastKnownFileType = unknown; name = "Roboto-Medium.ttf"; path = "../assets/fonts/Roboto-Medium.ttf"; sourceTree = "<group>"; };
/* End PBXFileReference section */

/* Begin PBXFrameworksBuildPhase section */
		00E356EB1AD99517003FC87E /* Frameworks */ = {
			isa = PBXFrameworksBuildPhase;
			buildActionMask = 2147483647;
			files = (
				140ED2AC1D01E1AD002B40FF /* libReact.a in Frameworks */,
				894E54F41F768526001C127B /* FBSDKCoreKit.framework in Frameworks */,
				894E54F81F768526001C127B /* FBSDKShareKit.framework in Frameworks */,
				894E54F61F768526001C127B /* FBSDKLoginKit.framework in Frameworks */,
				894E54F21F768526001C127B /* Bolts.framework in Frameworks */,
			);
			runOnlyForDeploymentPostprocessing = 0;
		};
		13B07F8C1A680F5B00A75B9A /* Frameworks */ = {
			isa = PBXFrameworksBuildPhase;
			buildActionMask = 2147483647;
			files = (
				89FCEF4020360B050048D0D4 /* libART.a in Frameworks */,
				894E54F51F768526001C127B /* FBSDKLoginKit.framework in Frameworks */,
				894E54F11F768526001C127B /* Bolts.framework in Frameworks */,
				ADBDB9381DFEBF1600ED6528 /* libRCTBlob.a in Frameworks */,
				5E9157361DD0AC6A00FF2AA8 /* libRCTAnimation.a in Frameworks */,
				146834051AC3E58100842450 /* libReact.a in Frameworks */,
				891935DA1F8E62E700F90E16 /* libRCTPushNotification.a in Frameworks */,
				5E9157361DD0AC6A00FF2AA8 /* libRCTAnimation.a in Frameworks */,
				00C302E51ABCBA2D00DB3ED1 /* libRCTActionSheet.a in Frameworks */,
				00C302E71ABCBA2D00DB3ED1 /* libRCTGeolocation.a in Frameworks */,
				00C302E81ABCBA2D00DB3ED1 /* libRCTImage.a in Frameworks */,
				133E29F31AD74F7200F7D852 /* libRCTLinking.a in Frameworks */,
				00C302E91ABCBA2D00DB3ED1 /* libRCTNetwork.a in Frameworks */,
				139105C61AF99C1200B5F7CC /* libRCTSettings.a in Frameworks */,
				832341BD1AAA6AB300B99B32 /* libRCTText.a in Frameworks */,
				00C302EA1ABCBA2D00DB3ED1 /* libRCTVibration.a in Frameworks */,
				894E54F71F768526001C127B /* FBSDKShareKit.framework in Frameworks */,
				894E54F31F768526001C127B /* FBSDKCoreKit.framework in Frameworks */,
				139FDEF61B0652A700C62182 /* libRCTWebSocket.a in Frameworks */,
				44F6C7AD87764A0985547827 /* libRNVectorIcons.a in Frameworks */,
				DF56F02A791546EF909DC231 /* libRNI18n.a in Frameworks */,
				4776F0579F5547D097EBF3C7 /* libRNSpinkit.a in Frameworks */,
				03D336676C3848A19ADAF287 /* libRNImagePicker.a in Frameworks */,
				AAD03E8FAC2342BD8CDC8085 /* libRNSVG.a in Frameworks */,
				2EF09D7DA7504DA9AA21208F /* libKCKeepAwake.a in Frameworks */,
				FF02AD38AA404FB8969603BB /* libInteractable.a in Frameworks */,
				4BD2E1405128447898ACBB19 /* libSplashScreen.a in Frameworks */,
				6A42C02B7ADA43A698A16478 /* libBVLinearGradient.a in Frameworks */,
			);
			runOnlyForDeploymentPostprocessing = 0;
		};
/* End PBXFrameworksBuildPhase section */

/* Begin PBXGroup section */
		00C302A81ABCB8CE00DB3ED1 /* Products */ = {
			isa = PBXGroup;
			children = (
				00C302AC1ABCB8CE00DB3ED1 /* libRCTActionSheet.a */,
			);
			name = Products;
			sourceTree = "<group>";
		};
		00C302B61ABCB90400DB3ED1 /* Products */ = {
			isa = PBXGroup;
			children = (
				00C302BA1ABCB90400DB3ED1 /* libRCTGeolocation.a */,
			);
			name = Products;
			sourceTree = "<group>";
		};
		00C302BC1ABCB91800DB3ED1 /* Products */ = {
			isa = PBXGroup;
			children = (
				00C302C01ABCB91800DB3ED1 /* libRCTImage.a */,
				3DAD3E841DF850E9000B6D8A /* libRCTImage-tvOS.a */,
			);
			name = Products;
			sourceTree = "<group>";
		};
		00C302D41ABCB9D200DB3ED1 /* Products */ = {
			isa = PBXGroup;
			children = (
				00C302DC1ABCB9D200DB3ED1 /* libRCTNetwork.a */,
				3DAD3E8C1DF850E9000B6D8A /* libRCTNetwork-tvOS.a */,
			);
			name = Products;
			sourceTree = "<group>";
		};
		00C302E01ABCB9EE00DB3ED1 /* Products */ = {
			isa = PBXGroup;
			children = (
				00C302E41ABCB9EE00DB3ED1 /* libRCTVibration.a */,
			);
			name = Products;
			sourceTree = "<group>";
		};
		00E356EF1AD99517003FC87E /* PullUpTests */ = {
			isa = PBXGroup;
			children = (
				00E356F21AD99517003FC87E /* PullUpTests.m */,
				00E356F01AD99517003FC87E /* Supporting Files */,
			);
			path = PullUpTests;
			sourceTree = "<group>";
		};
		00E356F01AD99517003FC87E /* Supporting Files */ = {
			isa = PBXGroup;
			children = (
				00E356F11AD99517003FC87E /* Info.plist */,
			);
			name = "Supporting Files";
			sourceTree = "<group>";
		};
		139105B71AF99BAD00B5F7CC /* Products */ = {
			isa = PBXGroup;
			children = (
				139105C11AF99BAD00B5F7CC /* libRCTSettings.a */,
				3DAD3E901DF850E9000B6D8A /* libRCTSettings-tvOS.a */,
			);
			name = Products;
			sourceTree = "<group>";
		};
		139FDEE71B06529A00C62182 /* Products */ = {
			isa = PBXGroup;
			children = (
				139FDEF41B06529B00C62182 /* libRCTWebSocket.a */,
				3DAD3E991DF850E9000B6D8A /* libRCTWebSocket-tvOS.a */,
				89AD8FE11FEEB89700EC0238 /* libfishhook.a */,
				89AD8FE31FEEB89700EC0238 /* libfishhook-tvOS.a */,
			);
			name = Products;
			sourceTree = "<group>";
		};
		13B07FAE1A68108700A75B9A /* PullUp */ = {
			isa = PBXGroup;
			children = (
				008F07F21AC5B25A0029DE68 /* main.jsbundle */,
				13B07FAF1A68108700A75B9A /* AppDelegate.h */,
				13B07FB01A68108700A75B9A /* AppDelegate.m */,
				13B07FB51A68108700A75B9A /* Images.xcassets */,
				13B07FB61A68108700A75B9A /* Info.plist */,
				13B07FB11A68108700A75B9A /* LaunchScreen.xib */,
				13B07FB71A68108700A75B9A /* main.m */,
			);
			name = PullUp;
			sourceTree = "<group>";
		};
		146834001AC3E56700842450 /* Products */ = {
			isa = PBXGroup;
			children = (
				146834041AC3E56700842450 /* libReact.a */,
				3DAD3EA31DF850E9000B6D8A /* libReact.a */,
				3DAD3EA51DF850E9000B6D8A /* libyoga.a */,
				3DAD3EA71DF850E9000B6D8A /* libyoga.a */,
				3DAD3EA91DF850E9000B6D8A /* libcxxreact.a */,
				3DAD3EAB1DF850E9000B6D8A /* libcxxreact.a */,
				3DAD3EAD1DF850E9000B6D8A /* libjschelpers.a */,
				3DAD3EAF1DF850E9000B6D8A /* libjschelpers.a */,
				894E54E41F7681BF001C127B /* libthird-party.a */,
				894E54E61F7681BF001C127B /* libthird-party.a */,
				894E54E81F7681BF001C127B /* libdouble-conversion.a */,
				894E54EA1F7681BF001C127B /* libdouble-conversion.a */,
				89AD8FF31FEEB89700EC0238 /* libprivatedata.a */,
				89AD8FF51FEEB89700EC0238 /* libprivatedata-tvOS.a */,
			);
			name = Products;
			sourceTree = "<group>";
		};
		3D5F0108DD384DF8BDE79120 /* Resources */ = {
			isa = PBXGroup;
			children = (
				62ACC205B6BB4644818C6053 /* Entypo.ttf */,
				D36ABDDFA1B64F4C82D64C46 /* EvilIcons.ttf */,
				09AE5060B9414BC8A2AF0614 /* Feather.ttf */,
				3C41F77DCF324E5BB1B5AE5F /* FontAwesome.ttf */,
				0CE361A2B51A4C0996F0E60B /* Foundation.ttf */,
				1ECC7740EC1D474BBE4B0A8E /* Ionicons.ttf */,
				456DCEC2E7BC43BE864EF069 /* MaterialCommunityIcons.ttf */,
				6BDFF38C60774ADA94A4F6DC /* MaterialIcons.ttf */,
				07C3E3C78FB74077AC2A136A /* Octicons.ttf */,
				19CC1796364A4AAFB81AE400 /* SimpleLineIcons.ttf */,
				1D7F49885BDA4632AD9A54D7 /* Zocial.ttf */,
				29413E77D9614D2DABD3BE1A /* Entypo.ttf */,
				26F172D2E0EC4ECCBD20B926 /* EvilIcons.ttf */,
				81851B0028934A86BAAAB541 /* FontAwesome.ttf */,
				61D953A2BC734E979526969D /* Foundation.ttf */,
				4A865F3F58104D50A4B6482A /* Ionicons.ttf */,
				2084EED47DD64F0F84611B60 /* MaterialIcons.ttf */,
				C7B5522622D9454DAC3EEFE8 /* Octicons.ttf */,
				8B7F670E00C74D38931882B8 /* Roboto_medium.ttf */,
				BFE4F35A811542DE97D7DC10 /* Roboto.ttf */,
				EFFA6C8BECC94D96A3CBB4AB /* rubicon-icon-font.ttf */,
				A3AE76189B2B44DBA4B432A6 /* SimpleLineIcons.ttf */,
				8B580D3059054E71A843568D /* Zocial.ttf */,
				291CDEADF41C473BAFA93013 /* Poppins-Black.ttf */,
				EF1F93B7C32C4AC6AA901F71 /* Poppins-Bold.ttf */,
				DC5B2E40C49547E8BB5CC09E /* Poppins-Light.ttf */,
				2F4494C47CE54053803FFBEA /* Poppins-Medium.ttf */,
				16F895C14D304470836175A4 /* Poppins-Regular.ttf */,
				80633E6496BF43349435A5B6 /* Poppins-Thin.ttf */,
				0C07702EBB424B089DAC2B98 /* Roboto-Black.ttf */,
				DFC37121B6164EC4A6FD56C4 /* Roboto-Bold.ttf */,
				42CD4F70F0BC4AE9AE11E35B /* Roboto-Light.ttf */,
				FB0C94389AFB401BB294FE18 /* Roboto-Medium.ttf */,
				C315274A88444FD98CAB57EA /* Roboto-Regular.ttf */,
				D0DD6BA5922E48F281E1AC57 /* Roboto-Thin.ttf */,
			);
			name = Resources;
			sourceTree = "<group>";
		};
		5E91572E1DD0AC6500FF2AA8 /* Products */ = {
			isa = PBXGroup;
			children = (
				5E9157331DD0AC6500FF2AA8 /* libRCTAnimation.a */,
				5E9157351DD0AC6500FF2AA8 /* libRCTAnimation.a */,
			);
			name = Products;
			sourceTree = "<group>";
		};
		78C398B11ACF4ADC00677621 /* Products */ = {
			isa = PBXGroup;
			children = (
				78C398B91ACF4ADC00677621 /* libRCTLinking.a */,
				3DAD3E881DF850E9000B6D8A /* libRCTLinking-tvOS.a */,
			);
			name = Products;
			sourceTree = "<group>";
		};
		832341AE1AAA6A7D00B99B32 /* Libraries */ = {
			isa = PBXGroup;
			children = (
				89FCEF0720360ADA0048D0D4 /* ART.xcodeproj */,
				891935AD1F8E62C500F90E16 /* RCTPushNotification.xcodeproj */,
				5E91572D1DD0AC6500FF2AA8 /* RCTAnimation.xcodeproj */,
				146833FF1AC3E56700842450 /* React.xcodeproj */,
				00C302A71ABCB8CE00DB3ED1 /* RCTActionSheet.xcodeproj */,
				ADBDB91F1DFEBF0600ED6528 /* RCTBlob.xcodeproj */,
				00C302B51ABCB90400DB3ED1 /* RCTGeolocation.xcodeproj */,
				00C302BB1ABCB91800DB3ED1 /* RCTImage.xcodeproj */,
				78C398B01ACF4ADC00677621 /* RCTLinking.xcodeproj */,
				00C302D31ABCB9D200DB3ED1 /* RCTNetwork.xcodeproj */,
				139105B61AF99BAD00B5F7CC /* RCTSettings.xcodeproj */,
				832341B01AAA6A8300B99B32 /* RCTText.xcodeproj */,
				00C302DF1ABCB9EE00DB3ED1 /* RCTVibration.xcodeproj */,
				139FDEE61B06529A00C62182 /* RCTWebSocket.xcodeproj */,
				DC7B7BDF80E142BBB2653A14 /* RNVectorIcons.xcodeproj */,
				3D8513DAEECD4033AE56669B /* RNI18n.xcodeproj */,
				B79264D24AAA40DDAAEB8242 /* RNSpinkit.xcodeproj */,
				2135E19C47AA4AD7A7E9D18C /* RNImagePicker.xcodeproj */,
				AD642FF8CEC642748D89BF13 /* RNSVG.xcodeproj */,
				19EB26E0DBF54CD8B081DE3A /* KCKeepAwake.xcodeproj */,
				58A7320BA69D45B2BE47AFAE /* Interactable.xcodeproj */,
				4ADDE047E32E4E5EA3126645 /* SplashScreen.xcodeproj */,
				9AF8B84909604494ABC02DA1 /* BVLinearGradient.xcodeproj */,
			);
			name = Libraries;
			sourceTree = "<group>";
		};
		832341B11AAA6A8300B99B32 /* Products */ = {
			isa = PBXGroup;
			children = (
				832341B51AAA6A8300B99B32 /* libRCTText.a */,
				3DAD3E941DF850E9000B6D8A /* libRCTText-tvOS.a */,
			);
			name = Products;
			sourceTree = "<group>";
		};
		83CBB9F61A601CBA00E9B192 = {
			isa = PBXGroup;
			children = (
				894E54EC1F768504001C127B /* Frameworks */,
				13B07FAE1A68108700A75B9A /* PullUp */,
				832341AE1AAA6A7D00B99B32 /* Libraries */,
				00E356EF1AD99517003FC87E /* PullUpTests */,
				83CBBA001A601CBA00E9B192 /* Products */,
				3D5F0108DD384DF8BDE79120 /* Resources */,
				893111C61F7F89DA007A00D4 /* Recovered References */,
			);
			indentWidth = 2;
			sourceTree = "<group>";
			tabWidth = 2;
			usesTabs = 0;
		};
		83CBBA001A601CBA00E9B192 /* Products */ = {
			isa = PBXGroup;
			children = (
				13B07F961A680F5B00A75B9A /* PullUp.app */,
				00E356EE1AD99517003FC87E /* PullUpTests.xctest */,
			);
			name = Products;
			sourceTree = "<group>";
		};
		890F70A82015207300B20760 /* Products */ = {
			isa = PBXGroup;
			children = (
				890F70AD2015207300B20760 /* libRNSVG.a */,
				890F70AF2015207300B20760 /* libRNSVG-tvOS.a */,
			);
			name = Products;
			sourceTree = "<group>";
		};
		89147565202B9831006FC15F /* Products */ = {
			isa = PBXGroup;
			children = (
				89147569202B9831006FC15F /* libSplashScreen.a */,
			);
			name = Products;
			sourceTree = "<group>";
		};
		891935AE1F8E62C500F90E16 /* Products */ = {
			isa = PBXGroup;
			children = (
				891935C01F8E62C500F90E16 /* libRCTPushNotification.a */,
				891935C21F8E62C500F90E16 /* libRCTPushNotification-tvOS.a */,
			);
			name = Products;
			sourceTree = "<group>";
		};
		8928F90C2029B7E7005B8BD0 /* Products */ = {
			isa = PBXGroup;
			children = (
				8928F9102029B7E7005B8BD0 /* libInteractable.a */,
			);
			name = Products;
			sourceTree = "<group>";
		};
		893111C61F7F89DA007A00D4 /* Recovered References */ = {
			isa = PBXGroup;
			children = (
				88D48D18DC8E43409C63F206 /* libRNVectorIcons.a */,
				BCEEAE27356345598656DB98 /* libRNI18n.a */,
				4147FCEF70E2485A8BB8196D /* libRNSpinkit.a */,
				4E2D4F1B095143BA98C5EC92 /* libRNImagePicker.a */,
				7B8FF582D7E640F186B78E1A /* libRNSVG.a */,
				D545D79AF19D44F6A651834B /* libKCKeepAwake.a */,
				8184271749DF42DF9B19F92F /* libInteractable.a */,
				BBC16AEB854D46F88F5D9F23 /* libSplashScreen.a */,
				D353DFB49C7949E8B4D96E8B /* libBVLinearGradient.a */,
			);
			name = "Recovered References";
			sourceTree = "<group>";
		};
		893111E91F7F89DC007A00D4 /* Products */ = {
			isa = PBXGroup;
			children = (
				893111EE1F7F89DC007A00D4 /* libRNI18n.a */,
				893111F01F7F89DC007A00D4 /* libRNI18n-tvOS.a */,
			);
			name = Products;
			sourceTree = "<group>";
		};
		894E54EC1F768504001C127B /* Frameworks */ = {
			isa = PBXGroup;
			children = (
				894E54ED1F768526001C127B /* Bolts.framework */,
				894E54EE1F768526001C127B /* FBSDKCoreKit.framework */,
				894E54EF1F768526001C127B /* FBSDKLoginKit.framework */,
				894E54F01F768526001C127B /* FBSDKShareKit.framework */,
			);
			name = Frameworks;
			sourceTree = "<group>";
		};
		894E55061F7686BD001C127B /* Products */ = {
			isa = PBXGroup;
			children = (
				894E552F1F7686BD001C127B /* libRNVectorIcons.a */,
			);
			name = Products;
			sourceTree = "<group>";
		};
		89AC00CC20278BDB0032674B /* Products */ = {
			isa = PBXGroup;
			children = (
				89AC00D020278BDB0032674B /* libKCKeepAwake.a */,
			);
			name = Products;
			sourceTree = "<group>";
		};
		89AD8FF91FEEB89700EC0238 /* Products */ = {
			isa = PBXGroup;
			children = (
				89AD8FFD1FEEB89700EC0238 /* libRNImagePicker.a */,
			);
			name = Products;
			sourceTree = "<group>";
		};
		89AD8FFE1FEEB89700EC0238 /* Products */ = {
			isa = PBXGroup;
			children = (
				89AD90031FEEB89700EC0238 /* libRNSpinkit.a */,
				89AD90051FEEB89700EC0238 /* libRNSpinkit.a */,
			);
			name = Products;
			sourceTree = "<group>";
		};
		89E30F5320377AC30030D1E4 /* Products */ = {
			isa = PBXGroup;
			children = (
				89E30F5820377AC30030D1E4 /* libBVLinearGradient.a */,
				89E30F5A20377AC30030D1E4 /* libBVLinearGradient.a */,
			);
			name = Products;
			sourceTree = "<group>";
		};
		89FCEF0820360ADA0048D0D4 /* Products */ = {
			isa = PBXGroup;
			children = (
				89FCEF0D20360ADB0048D0D4 /* libART.a */,
				89FCEF0F20360ADB0048D0D4 /* libART-tvOS.a */,
			);
			name = Products;
			sourceTree = "<group>";
		};
		ADBDB9201DFEBF0600ED6528 /* Products */ = {
			isa = PBXGroup;
			children = (
				ADBDB9271DFEBF0700ED6528 /* libRCTBlob.a */,
				891DD84D1F767EE800778779 /* libRCTBlob-tvOS.a */,
			);
			name = Products;
			sourceTree = "<group>";
		};
/* End PBXGroup section */

/* Begin PBXNativeTarget section */
		00E356ED1AD99517003FC87E /* PullUpTests */ = {
			isa = PBXNativeTarget;
			buildConfigurationList = 00E357021AD99517003FC87E /* Build configuration list for PBXNativeTarget "PullUpTests" */;
			buildPhases = (
				00E356EA1AD99517003FC87E /* Sources */,
				00E356EB1AD99517003FC87E /* Frameworks */,
				00E356EC1AD99517003FC87E /* Resources */,
			);
			buildRules = (
			);
			dependencies = (
				00E356F51AD99517003FC87E /* PBXTargetDependency */,
			);
			name = PullUpTests;
			productName = PullUpTests;
			productReference = 00E356EE1AD99517003FC87E /* PullUpTests.xctest */;
			productType = "com.apple.product-type.bundle.unit-test";
		};
		13B07F861A680F5B00A75B9A /* PullUp */ = {
			isa = PBXNativeTarget;
			buildConfigurationList = 13B07F931A680F5B00A75B9A /* Build configuration list for PBXNativeTarget "PullUp" */;
			buildPhases = (
				13B07F871A680F5B00A75B9A /* Sources */,
				13B07F8C1A680F5B00A75B9A /* Frameworks */,
				13B07F8E1A680F5B00A75B9A /* Resources */,
				00DD1BFF1BD5951E006B06BC /* Bundle React Native code and images */,
			);
			buildRules = (
			);
			dependencies = (
			);
			name = PullUp;
			productName = "Hello World";
			productReference = 13B07F961A680F5B00A75B9A /* PullUp.app */;
			productType = "com.apple.product-type.application";
		};
/* End PBXNativeTarget section */

/* Begin PBXProject section */
		83CBB9F71A601CBA00E9B192 /* Project object */ = {
			isa = PBXProject;
			attributes = {
				LastUpgradeCheck = 610;
				ORGANIZATIONNAME = Facebook;
				TargetAttributes = {
					00E356ED1AD99517003FC87E = {
						CreatedOnToolsVersion = 6.2;
						DevelopmentTeam = R3V78XR6AA;
						TestTargetID = 13B07F861A680F5B00A75B9A;
					};
					13B07F861A680F5B00A75B9A = {
						DevelopmentTeam = R3V78XR6AA;
					};
				};
			};
			buildConfigurationList = 83CBB9FA1A601CBA00E9B192 /* Build configuration list for PBXProject "PullUp" */;
			compatibilityVersion = "Xcode 3.2";
			developmentRegion = English;
			hasScannedForEncodings = 0;
			knownRegions = (
				en,
				Base,
			);
			mainGroup = 83CBB9F61A601CBA00E9B192;
			productRefGroup = 83CBBA001A601CBA00E9B192 /* Products */;
			projectDirPath = "";
			projectReferences = (
				{
					ProductGroup = 89FCEF0820360ADA0048D0D4 /* Products */;
					ProjectRef = 89FCEF0720360ADA0048D0D4 /* ART.xcodeproj */;
				},
				{
					ProductGroup = 89E30F5320377AC30030D1E4 /* Products */;
					ProjectRef = 9AF8B84909604494ABC02DA1 /* BVLinearGradient.xcodeproj */;
				},
				{
					ProductGroup = 8928F90C2029B7E7005B8BD0 /* Products */;
					ProjectRef = 58A7320BA69D45B2BE47AFAE /* Interactable.xcodeproj */;
				},
				{
					ProductGroup = 89AC00CC20278BDB0032674B /* Products */;
					ProjectRef = 19EB26E0DBF54CD8B081DE3A /* KCKeepAwake.xcodeproj */;
				},
				{
					ProductGroup = 00C302A81ABCB8CE00DB3ED1 /* Products */;
					ProjectRef = 00C302A71ABCB8CE00DB3ED1 /* RCTActionSheet.xcodeproj */;
				},
				{
					ProductGroup = 5E91572E1DD0AC6500FF2AA8 /* Products */;
					ProjectRef = 5E91572D1DD0AC6500FF2AA8 /* RCTAnimation.xcodeproj */;
				},
				{
					ProductGroup = ADBDB9201DFEBF0600ED6528 /* Products */;
					ProjectRef = ADBDB91F1DFEBF0600ED6528 /* RCTBlob.xcodeproj */;
				},
				{
					ProductGroup = 00C302B61ABCB90400DB3ED1 /* Products */;
					ProjectRef = 00C302B51ABCB90400DB3ED1 /* RCTGeolocation.xcodeproj */;
				},
				{
					ProductGroup = 00C302BC1ABCB91800DB3ED1 /* Products */;
					ProjectRef = 00C302BB1ABCB91800DB3ED1 /* RCTImage.xcodeproj */;
				},
				{
					ProductGroup = 78C398B11ACF4ADC00677621 /* Products */;
					ProjectRef = 78C398B01ACF4ADC00677621 /* RCTLinking.xcodeproj */;
				},
				{
					ProductGroup = 00C302D41ABCB9D200DB3ED1 /* Products */;
					ProjectRef = 00C302D31ABCB9D200DB3ED1 /* RCTNetwork.xcodeproj */;
				},
				{
					ProductGroup = 891935AE1F8E62C500F90E16 /* Products */;
					ProjectRef = 891935AD1F8E62C500F90E16 /* RCTPushNotification.xcodeproj */;
				},
				{
					ProductGroup = 139105B71AF99BAD00B5F7CC /* Products */;
					ProjectRef = 139105B61AF99BAD00B5F7CC /* RCTSettings.xcodeproj */;
				},
				{
					ProductGroup = 832341B11AAA6A8300B99B32 /* Products */;
					ProjectRef = 832341B01AAA6A8300B99B32 /* RCTText.xcodeproj */;
				},
				{
					ProductGroup = 00C302E01ABCB9EE00DB3ED1 /* Products */;
					ProjectRef = 00C302DF1ABCB9EE00DB3ED1 /* RCTVibration.xcodeproj */;
				},
				{
					ProductGroup = 139FDEE71B06529A00C62182 /* Products */;
					ProjectRef = 139FDEE61B06529A00C62182 /* RCTWebSocket.xcodeproj */;
				},
				{
					ProductGroup = 146834001AC3E56700842450 /* Products */;
					ProjectRef = 146833FF1AC3E56700842450 /* React.xcodeproj */;
				},
				{
					ProductGroup = 893111E91F7F89DC007A00D4 /* Products */;
					ProjectRef = 3D8513DAEECD4033AE56669B /* RNI18n.xcodeproj */;
				},
				{
					ProductGroup = 89AD8FF91FEEB89700EC0238 /* Products */;
					ProjectRef = 2135E19C47AA4AD7A7E9D18C /* RNImagePicker.xcodeproj */;
				},
				{
					ProductGroup = 89AD8FFE1FEEB89700EC0238 /* Products */;
					ProjectRef = B79264D24AAA40DDAAEB8242 /* RNSpinkit.xcodeproj */;
				},
				{
					ProductGroup = 890F70A82015207300B20760 /* Products */;
					ProjectRef = AD642FF8CEC642748D89BF13 /* RNSVG.xcodeproj */;
				},
				{
					ProductGroup = 894E55061F7686BD001C127B /* Products */;
					ProjectRef = DC7B7BDF80E142BBB2653A14 /* RNVectorIcons.xcodeproj */;
				},
				{
					ProductGroup = 89147565202B9831006FC15F /* Products */;
					ProjectRef = 4ADDE047E32E4E5EA3126645 /* SplashScreen.xcodeproj */;
				},
			);
			projectRoot = "";
			targets = (
				13B07F861A680F5B00A75B9A /* PullUp */,
				00E356ED1AD99517003FC87E /* PullUpTests */,
			);
		};
/* End PBXProject section */

/* Begin PBXReferenceProxy section */
		00C302AC1ABCB8CE00DB3ED1 /* libRCTActionSheet.a */ = {
			isa = PBXReferenceProxy;
			fileType = archive.ar;
			path = libRCTActionSheet.a;
			remoteRef = 00C302AB1ABCB8CE00DB3ED1 /* PBXContainerItemProxy */;
			sourceTree = BUILT_PRODUCTS_DIR;
		};
		00C302BA1ABCB90400DB3ED1 /* libRCTGeolocation.a */ = {
			isa = PBXReferenceProxy;
			fileType = archive.ar;
			path = libRCTGeolocation.a;
			remoteRef = 00C302B91ABCB90400DB3ED1 /* PBXContainerItemProxy */;
			sourceTree = BUILT_PRODUCTS_DIR;
		};
		00C302C01ABCB91800DB3ED1 /* libRCTImage.a */ = {
			isa = PBXReferenceProxy;
			fileType = archive.ar;
			path = libRCTImage.a;
			remoteRef = 00C302BF1ABCB91800DB3ED1 /* PBXContainerItemProxy */;
			sourceTree = BUILT_PRODUCTS_DIR;
		};
		00C302DC1ABCB9D200DB3ED1 /* libRCTNetwork.a */ = {
			isa = PBXReferenceProxy;
			fileType = archive.ar;
			path = libRCTNetwork.a;
			remoteRef = 00C302DB1ABCB9D200DB3ED1 /* PBXContainerItemProxy */;
			sourceTree = BUILT_PRODUCTS_DIR;
		};
		00C302E41ABCB9EE00DB3ED1 /* libRCTVibration.a */ = {
			isa = PBXReferenceProxy;
			fileType = archive.ar;
			path = libRCTVibration.a;
			remoteRef = 00C302E31ABCB9EE00DB3ED1 /* PBXContainerItemProxy */;
			sourceTree = BUILT_PRODUCTS_DIR;
		};
		139105C11AF99BAD00B5F7CC /* libRCTSettings.a */ = {
			isa = PBXReferenceProxy;
			fileType = archive.ar;
			path = libRCTSettings.a;
			remoteRef = 139105C01AF99BAD00B5F7CC /* PBXContainerItemProxy */;
			sourceTree = BUILT_PRODUCTS_DIR;
		};
		139FDEF41B06529B00C62182 /* libRCTWebSocket.a */ = {
			isa = PBXReferenceProxy;
			fileType = archive.ar;
			path = libRCTWebSocket.a;
			remoteRef = 139FDEF31B06529B00C62182 /* PBXContainerItemProxy */;
			sourceTree = BUILT_PRODUCTS_DIR;
		};
		146834041AC3E56700842450 /* libReact.a */ = {
			isa = PBXReferenceProxy;
			fileType = archive.ar;
			path = libReact.a;
			remoteRef = 146834031AC3E56700842450 /* PBXContainerItemProxy */;
			sourceTree = BUILT_PRODUCTS_DIR;
		};
		3DAD3E841DF850E9000B6D8A /* libRCTImage-tvOS.a */ = {
			isa = PBXReferenceProxy;
			fileType = archive.ar;
			path = "libRCTImage-tvOS.a";
			remoteRef = 3DAD3E831DF850E9000B6D8A /* PBXContainerItemProxy */;
			sourceTree = BUILT_PRODUCTS_DIR;
		};
		3DAD3E881DF850E9000B6D8A /* libRCTLinking-tvOS.a */ = {
			isa = PBXReferenceProxy;
			fileType = archive.ar;
			path = "libRCTLinking-tvOS.a";
			remoteRef = 3DAD3E871DF850E9000B6D8A /* PBXContainerItemProxy */;
			sourceTree = BUILT_PRODUCTS_DIR;
		};
		3DAD3E8C1DF850E9000B6D8A /* libRCTNetwork-tvOS.a */ = {
			isa = PBXReferenceProxy;
			fileType = archive.ar;
			path = "libRCTNetwork-tvOS.a";
			remoteRef = 3DAD3E8B1DF850E9000B6D8A /* PBXContainerItemProxy */;
			sourceTree = BUILT_PRODUCTS_DIR;
		};
		3DAD3E901DF850E9000B6D8A /* libRCTSettings-tvOS.a */ = {
			isa = PBXReferenceProxy;
			fileType = archive.ar;
			path = "libRCTSettings-tvOS.a";
			remoteRef = 3DAD3E8F1DF850E9000B6D8A /* PBXContainerItemProxy */;
			sourceTree = BUILT_PRODUCTS_DIR;
		};
		3DAD3E941DF850E9000B6D8A /* libRCTText-tvOS.a */ = {
			isa = PBXReferenceProxy;
			fileType = archive.ar;
			path = "libRCTText-tvOS.a";
			remoteRef = 3DAD3E931DF850E9000B6D8A /* PBXContainerItemProxy */;
			sourceTree = BUILT_PRODUCTS_DIR;
		};
		3DAD3E991DF850E9000B6D8A /* libRCTWebSocket-tvOS.a */ = {
			isa = PBXReferenceProxy;
			fileType = archive.ar;
			path = "libRCTWebSocket-tvOS.a";
			remoteRef = 3DAD3E981DF850E9000B6D8A /* PBXContainerItemProxy */;
			sourceTree = BUILT_PRODUCTS_DIR;
		};
		3DAD3EA31DF850E9000B6D8A /* libReact.a */ = {
			isa = PBXReferenceProxy;
			fileType = archive.ar;
			path = libReact.a;
			remoteRef = 3DAD3EA21DF850E9000B6D8A /* PBXContainerItemProxy */;
			sourceTree = BUILT_PRODUCTS_DIR;
		};
		3DAD3EA51DF850E9000B6D8A /* libyoga.a */ = {
			isa = PBXReferenceProxy;
			fileType = archive.ar;
			path = libyoga.a;
			remoteRef = 3DAD3EA41DF850E9000B6D8A /* PBXContainerItemProxy */;
			sourceTree = BUILT_PRODUCTS_DIR;
		};
		3DAD3EA71DF850E9000B6D8A /* libyoga.a */ = {
			isa = PBXReferenceProxy;
			fileType = archive.ar;
			path = libyoga.a;
			remoteRef = 3DAD3EA61DF850E9000B6D8A /* PBXContainerItemProxy */;
			sourceTree = BUILT_PRODUCTS_DIR;
		};
		3DAD3EA91DF850E9000B6D8A /* libcxxreact.a */ = {
			isa = PBXReferenceProxy;
			fileType = archive.ar;
			path = libcxxreact.a;
			remoteRef = 3DAD3EA81DF850E9000B6D8A /* PBXContainerItemProxy */;
			sourceTree = BUILT_PRODUCTS_DIR;
		};
		3DAD3EAB1DF850E9000B6D8A /* libcxxreact.a */ = {
			isa = PBXReferenceProxy;
			fileType = archive.ar;
			path = libcxxreact.a;
			remoteRef = 3DAD3EAA1DF850E9000B6D8A /* PBXContainerItemProxy */;
			sourceTree = BUILT_PRODUCTS_DIR;
		};
		3DAD3EAD1DF850E9000B6D8A /* libjschelpers.a */ = {
			isa = PBXReferenceProxy;
			fileType = archive.ar;
			path = libjschelpers.a;
			remoteRef = 3DAD3EAC1DF850E9000B6D8A /* PBXContainerItemProxy */;
			sourceTree = BUILT_PRODUCTS_DIR;
		};
		3DAD3EAF1DF850E9000B6D8A /* libjschelpers.a */ = {
			isa = PBXReferenceProxy;
			fileType = archive.ar;
			path = libjschelpers.a;
			remoteRef = 3DAD3EAE1DF850E9000B6D8A /* PBXContainerItemProxy */;
			sourceTree = BUILT_PRODUCTS_DIR;
		};
		5E9157331DD0AC6500FF2AA8 /* libRCTAnimation.a */ = {
			isa = PBXReferenceProxy;
			fileType = archive.ar;
			path = libRCTAnimation.a;
			remoteRef = 5E9157321DD0AC6500FF2AA8 /* PBXContainerItemProxy */;
			sourceTree = BUILT_PRODUCTS_DIR;
		};
		5E9157351DD0AC6500FF2AA8 /* libRCTAnimation.a */ = {
			isa = PBXReferenceProxy;
			fileType = archive.ar;
			path = libRCTAnimation.a;
			remoteRef = 5E9157341DD0AC6500FF2AA8 /* PBXContainerItemProxy */;
			sourceTree = BUILT_PRODUCTS_DIR;
		};
		78C398B91ACF4ADC00677621 /* libRCTLinking.a */ = {
			isa = PBXReferenceProxy;
			fileType = archive.ar;
			path = libRCTLinking.a;
			remoteRef = 78C398B81ACF4ADC00677621 /* PBXContainerItemProxy */;
			sourceTree = BUILT_PRODUCTS_DIR;
		};
		832341B51AAA6A8300B99B32 /* libRCTText.a */ = {
			isa = PBXReferenceProxy;
			fileType = archive.ar;
			path = libRCTText.a;
			remoteRef = 832341B41AAA6A8300B99B32 /* PBXContainerItemProxy */;
			sourceTree = BUILT_PRODUCTS_DIR;
		};
		890F70AD2015207300B20760 /* libRNSVG.a */ = {
			isa = PBXReferenceProxy;
			fileType = archive.ar;
			path = libRNSVG.a;
			remoteRef = 890F70AC2015207300B20760 /* PBXContainerItemProxy */;
			sourceTree = BUILT_PRODUCTS_DIR;
		};
		890F70AF2015207300B20760 /* libRNSVG-tvOS.a */ = {
			isa = PBXReferenceProxy;
			fileType = archive.ar;
			path = "libRNSVG-tvOS.a";
			remoteRef = 890F70AE2015207300B20760 /* PBXContainerItemProxy */;
			sourceTree = BUILT_PRODUCTS_DIR;
		};
		89147569202B9831006FC15F /* libSplashScreen.a */ = {
			isa = PBXReferenceProxy;
			fileType = archive.ar;
			path = libSplashScreen.a;
			remoteRef = 89147568202B9831006FC15F /* PBXContainerItemProxy */;
			sourceTree = BUILT_PRODUCTS_DIR;
		};
		891935C01F8E62C500F90E16 /* libRCTPushNotification.a */ = {
			isa = PBXReferenceProxy;
			fileType = archive.ar;
			path = libRCTPushNotification.a;
			remoteRef = 891935BF1F8E62C500F90E16 /* PBXContainerItemProxy */;
			sourceTree = BUILT_PRODUCTS_DIR;
		};
		891935C21F8E62C500F90E16 /* libRCTPushNotification-tvOS.a */ = {
			isa = PBXReferenceProxy;
			fileType = archive.ar;
			path = "libRCTPushNotification-tvOS.a";
			remoteRef = 891935C11F8E62C500F90E16 /* PBXContainerItemProxy */;
			sourceTree = BUILT_PRODUCTS_DIR;
		};
		891DD84D1F767EE800778779 /* libRCTBlob-tvOS.a */ = {
			isa = PBXReferenceProxy;
			fileType = archive.ar;
			path = "libRCTBlob-tvOS.a";
			remoteRef = 891DD84C1F767EE800778779 /* PBXContainerItemProxy */;
			sourceTree = BUILT_PRODUCTS_DIR;
		};
		8928F9102029B7E7005B8BD0 /* libInteractable.a */ = {
			isa = PBXReferenceProxy;
			fileType = archive.ar;
			path = libInteractable.a;
			remoteRef = 8928F90F2029B7E7005B8BD0 /* PBXContainerItemProxy */;
			sourceTree = BUILT_PRODUCTS_DIR;
		};
		893111EE1F7F89DC007A00D4 /* libRNI18n.a */ = {
			isa = PBXReferenceProxy;
			fileType = archive.ar;
			path = libRNI18n.a;
			remoteRef = 893111ED1F7F89DC007A00D4 /* PBXContainerItemProxy */;
			sourceTree = BUILT_PRODUCTS_DIR;
		};
		893111F01F7F89DC007A00D4 /* libRNI18n-tvOS.a */ = {
			isa = PBXReferenceProxy;
			fileType = archive.ar;
			path = "libRNI18n-tvOS.a";
			remoteRef = 893111EF1F7F89DC007A00D4 /* PBXContainerItemProxy */;
			sourceTree = BUILT_PRODUCTS_DIR;
		};
		894E54E41F7681BF001C127B /* libthird-party.a */ = {
			isa = PBXReferenceProxy;
			fileType = archive.ar;
			path = "libthird-party.a";
			remoteRef = 894E54E31F7681BF001C127B /* PBXContainerItemProxy */;
			sourceTree = BUILT_PRODUCTS_DIR;
		};
		894E54E61F7681BF001C127B /* libthird-party.a */ = {
			isa = PBXReferenceProxy;
			fileType = archive.ar;
			path = "libthird-party.a";
			remoteRef = 894E54E51F7681BF001C127B /* PBXContainerItemProxy */;
			sourceTree = BUILT_PRODUCTS_DIR;
		};
		894E54E81F7681BF001C127B /* libdouble-conversion.a */ = {
			isa = PBXReferenceProxy;
			fileType = archive.ar;
			path = "libdouble-conversion.a";
			remoteRef = 894E54E71F7681BF001C127B /* PBXContainerItemProxy */;
			sourceTree = BUILT_PRODUCTS_DIR;
		};
		894E54EA1F7681BF001C127B /* libdouble-conversion.a */ = {
			isa = PBXReferenceProxy;
			fileType = archive.ar;
			path = "libdouble-conversion.a";
			remoteRef = 894E54E91F7681BF001C127B /* PBXContainerItemProxy */;
			sourceTree = BUILT_PRODUCTS_DIR;
		};
		894E552F1F7686BD001C127B /* libRNVectorIcons.a */ = {
			isa = PBXReferenceProxy;
			fileType = archive.ar;
			path = libRNVectorIcons.a;
			remoteRef = 894E552E1F7686BD001C127B /* PBXContainerItemProxy */;
			sourceTree = BUILT_PRODUCTS_DIR;
		};
		89AC00D020278BDB0032674B /* libKCKeepAwake.a */ = {
			isa = PBXReferenceProxy;
			fileType = archive.ar;
			path = libKCKeepAwake.a;
			remoteRef = 89AC00CF20278BDB0032674B /* PBXContainerItemProxy */;
			sourceTree = BUILT_PRODUCTS_DIR;
		};
		89AD8FE11FEEB89700EC0238 /* libfishhook.a */ = {
			isa = PBXReferenceProxy;
			fileType = archive.ar;
			path = libfishhook.a;
			remoteRef = 89AD8FE01FEEB89700EC0238 /* PBXContainerItemProxy */;
			sourceTree = BUILT_PRODUCTS_DIR;
		};
		89AD8FE31FEEB89700EC0238 /* libfishhook-tvOS.a */ = {
			isa = PBXReferenceProxy;
			fileType = archive.ar;
			path = "libfishhook-tvOS.a";
			remoteRef = 89AD8FE21FEEB89700EC0238 /* PBXContainerItemProxy */;
			sourceTree = BUILT_PRODUCTS_DIR;
		};
		89AD8FF31FEEB89700EC0238 /* libprivatedata.a */ = {
			isa = PBXReferenceProxy;
			fileType = archive.ar;
			path = libprivatedata.a;
			remoteRef = 89AD8FF21FEEB89700EC0238 /* PBXContainerItemProxy */;
			sourceTree = BUILT_PRODUCTS_DIR;
		};
		89AD8FF51FEEB89700EC0238 /* libprivatedata-tvOS.a */ = {
			isa = PBXReferenceProxy;
			fileType = archive.ar;
			path = "libprivatedata-tvOS.a";
			remoteRef = 89AD8FF41FEEB89700EC0238 /* PBXContainerItemProxy */;
			sourceTree = BUILT_PRODUCTS_DIR;
		};
		89AD8FFD1FEEB89700EC0238 /* libRNImagePicker.a */ = {
			isa = PBXReferenceProxy;
			fileType = archive.ar;
			path = libRNImagePicker.a;
			remoteRef = 89AD8FFC1FEEB89700EC0238 /* PBXContainerItemProxy */;
			sourceTree = BUILT_PRODUCTS_DIR;
		};
		89AD90031FEEB89700EC0238 /* libRNSpinkit.a */ = {
			isa = PBXReferenceProxy;
			fileType = archive.ar;
			path = libRNSpinkit.a;
			remoteRef = 89AD90021FEEB89700EC0238 /* PBXContainerItemProxy */;
			sourceTree = BUILT_PRODUCTS_DIR;
		};
		89AD90051FEEB89700EC0238 /* libRNSpinkit.a */ = {
			isa = PBXReferenceProxy;
			fileType = archive.ar;
			path = libRNSpinkit.a;
			remoteRef = 89AD90041FEEB89700EC0238 /* PBXContainerItemProxy */;
			sourceTree = BUILT_PRODUCTS_DIR;
		};
		89E30F5820377AC30030D1E4 /* libBVLinearGradient.a */ = {
			isa = PBXReferenceProxy;
			fileType = archive.ar;
			path = libBVLinearGradient.a;
			remoteRef = 89E30F5720377AC30030D1E4 /* PBXContainerItemProxy */;
			sourceTree = BUILT_PRODUCTS_DIR;
		};
		89E30F5A20377AC30030D1E4 /* libBVLinearGradient.a */ = {
			isa = PBXReferenceProxy;
			fileType = archive.ar;
			path = libBVLinearGradient.a;
			remoteRef = 89E30F5920377AC30030D1E4 /* PBXContainerItemProxy */;
			sourceTree = BUILT_PRODUCTS_DIR;
		};
		89FCEF0D20360ADB0048D0D4 /* libART.a */ = {
			isa = PBXReferenceProxy;
			fileType = archive.ar;
			path = libART.a;
			remoteRef = 89FCEF0C20360ADB0048D0D4 /* PBXContainerItemProxy */;
			sourceTree = BUILT_PRODUCTS_DIR;
		};
		89FCEF0F20360ADB0048D0D4 /* libART-tvOS.a */ = {
			isa = PBXReferenceProxy;
			fileType = archive.ar;
			path = "libART-tvOS.a";
			remoteRef = 89FCEF0E20360ADB0048D0D4 /* PBXContainerItemProxy */;
			sourceTree = BUILT_PRODUCTS_DIR;
		};
		ADBDB9271DFEBF0700ED6528 /* libRCTBlob.a */ = {
			isa = PBXReferenceProxy;
			fileType = archive.ar;
			path = libRCTBlob.a;
			remoteRef = ADBDB9261DFEBF0700ED6528 /* PBXContainerItemProxy */;
			sourceTree = BUILT_PRODUCTS_DIR;
		};
/* End PBXReferenceProxy section */

/* Begin PBXResourcesBuildPhase section */
		00E356EC1AD99517003FC87E /* Resources */ = {
			isa = PBXResourcesBuildPhase;
			buildActionMask = 2147483647;
			files = (
			);
			runOnlyForDeploymentPostprocessing = 0;
		};
		13B07F8E1A680F5B00A75B9A /* Resources */ = {
			isa = PBXResourcesBuildPhase;
			buildActionMask = 2147483647;
			files = (
				13B07FBF1A68108700A75B9A /* Images.xcassets in Resources */,
				13B07FBD1A68108700A75B9A /* LaunchScreen.xib in Resources */,
				9CFC71F784D644E28C86ABE6 /* Entypo.ttf in Resources */,
				80A2691DDF054D4990A280C6 /* EvilIcons.ttf in Resources */,
				9DCC682C02B4470B92E939D1 /* Feather.ttf in Resources */,
				3E74F4B5749049CEB1EFB6AA /* FontAwesome.ttf in Resources */,
				4B40D1C596AD4FF88EA26AEE /* Foundation.ttf in Resources */,
				75566102A3804BC88540EE03 /* Ionicons.ttf in Resources */,
				03B65938C81D44B58F0878FC /* MaterialCommunityIcons.ttf in Resources */,
				C53CA6F3B5754E2F85AB8C5C /* MaterialIcons.ttf in Resources */,
				2BA20D4FBE534830AA6323F3 /* Octicons.ttf in Resources */,
				91364D96176741CD8A9804B2 /* SimpleLineIcons.ttf in Resources */,
				867A9B8F4E0D45669DD3AA3B /* Zocial.ttf in Resources */,
				15B4C6AAD8FF4F3DA9B2AEEC /* Entypo.ttf in Resources */,
				CC7E55B95A654738B71A1582 /* EvilIcons.ttf in Resources */,
				601B05C1F1BC4CABB9B92845 /* FontAwesome.ttf in Resources */,
				BDF0B583FB284818A55FBC86 /* Foundation.ttf in Resources */,
				A2DF215D7947447592489069 /* Ionicons.ttf in Resources */,
				5D65FE7090754D6DB6F1EEAF /* MaterialIcons.ttf in Resources */,
				8278B0C373894F35997BD844 /* Octicons.ttf in Resources */,
				0CA65F296A4B440884EE283A /* Roboto_medium.ttf in Resources */,
				B8F14B944622431F93C56750 /* Roboto.ttf in Resources */,
				596042663059404DA7086EAB /* rubicon-icon-font.ttf in Resources */,
				130F0ACD5F3648B49415AEAD /* SimpleLineIcons.ttf in Resources */,
				D4BF47D21B9240CDB69D137D /* Zocial.ttf in Resources */,
				0D412ED8FE124B8D87776A4B /* Poppins-Black.ttf in Resources */,
				1EE35C07C06F4DEA92EDB17A /* Poppins-Bold.ttf in Resources */,
				940F13EC8C6041AD9993F65E /* Poppins-Light.ttf in Resources */,
				5C381B29DA0F47A885546C24 /* Poppins-Medium.ttf in Resources */,
				1FD3085F10A14CA485A56A19 /* Poppins-Regular.ttf in Resources */,
				F6DF3BDCD7D0462385ACC9D0 /* Poppins-Thin.ttf in Resources */,
				4A699476CA4E4FF5818CB075 /* Roboto-Black.ttf in Resources */,
				606FAB3E3C88416D90E0CB0B /* Roboto-Bold.ttf in Resources */,
				20314BDBABFF41BAB8ED9BA6 /* Roboto-Light.ttf in Resources */,
				B82ADE124ADA4CD686C0C335 /* Roboto-Medium.ttf in Resources */,
				2795B03A7F624E3B871BA800 /* Roboto-Regular.ttf in Resources */,
				01ACCEA722F94DCE8CC6FB30 /* Roboto-Thin.ttf in Resources */,
			);
			runOnlyForDeploymentPostprocessing = 0;
		};
/* End PBXResourcesBuildPhase section */

/* Begin PBXShellScriptBuildPhase section */
		00DD1BFF1BD5951E006B06BC /* Bundle React Native code and images */ = {
			isa = PBXShellScriptBuildPhase;
			buildActionMask = 2147483647;
			files = (
			);
			inputPaths = (
			);
			name = "Bundle React Native code and images";
			outputPaths = (
			);
			runOnlyForDeploymentPostprocessing = 0;
			shellPath = /bin/sh;
			shellScript = "export NODE_BINARY=node\n../node_modules/react-native/scripts/react-native-xcode.sh";
		};
/* End PBXShellScriptBuildPhase section */

/* Begin PBXSourcesBuildPhase section */
		00E356EA1AD99517003FC87E /* Sources */ = {
			isa = PBXSourcesBuildPhase;
			buildActionMask = 2147483647;
			files = (
				00E356F31AD99517003FC87E /* PullUpTests.m in Sources */,
			);
			runOnlyForDeploymentPostprocessing = 0;
		};
		13B07F871A680F5B00A75B9A /* Sources */ = {
			isa = PBXSourcesBuildPhase;
			buildActionMask = 2147483647;
			files = (
				13B07FBC1A68108700A75B9A /* AppDelegate.m in Sources */,
				13B07FC11A68108700A75B9A /* main.m in Sources */,
			);
			runOnlyForDeploymentPostprocessing = 0;
		};
/* End PBXSourcesBuildPhase section */

/* Begin PBXTargetDependency section */
		00E356F51AD99517003FC87E /* PBXTargetDependency */ = {
			isa = PBXTargetDependency;
			target = 13B07F861A680F5B00A75B9A /* PullUp */;
			targetProxy = 00E356F41AD99517003FC87E /* PBXContainerItemProxy */;
		};
/* End PBXTargetDependency section */

/* Begin PBXVariantGroup section */
		13B07FB11A68108700A75B9A /* LaunchScreen.xib */ = {
			isa = PBXVariantGroup;
			children = (
				13B07FB21A68108700A75B9A /* Base */,
			);
			name = LaunchScreen.xib;
			path = PullUp;
			sourceTree = "<group>";
		};
/* End PBXVariantGroup section */

/* Begin XCBuildConfiguration section */
		00E356F61AD99517003FC87E /* Debug */ = {
			isa = XCBuildConfiguration;
			buildSettings = {
				BUNDLE_LOADER = "$(TEST_HOST)";
				DEVELOPMENT_TEAM = R3V78XR6AA;
				FRAMEWORK_SEARCH_PATHS = (
					"$(inherited)",
					"$(PROJECT_DIR)",
				);
				GCC_PREPROCESSOR_DEFINITIONS = (
					"DEBUG=1",
					"$(inherited)",
				);
				HEADER_SEARCH_PATHS = (
					"$(inherited)",
					"$(SRCROOT)/../node_modules/react-native-vector-icons/RNVectorIconsManager",
					"$(SRCROOT)/../node_modules/react-native-i18n/ios",
					"$(SRCROOT)/../node_modules/react-native-spinkit/ios/**",
					"$(SRCROOT)/../node_modules/react-native-image-picker/ios",
					"$(SRCROOT)/../node_modules/react-native-svg/ios/**",
					"$(SRCROOT)/../node_modules/react-native-keep-awake/ios",
					"$(SRCROOT)/../node_modules/react-native-interactable/lib/ios/Interactable",
					"$(SRCROOT)/../node_modules/react-native-splash-screen/ios",
					"$(SRCROOT)/../node_modules/react-native-linear-gradient/BVLinearGradient",
				);
				INFOPLIST_FILE = PullUpTests/Info.plist;
				IPHONEOS_DEPLOYMENT_TARGET = 8.0;
				LD_RUNPATH_SEARCH_PATHS = "$(inherited) @executable_path/Frameworks @loader_path/Frameworks";
				LIBRARY_SEARCH_PATHS = (
					"$(inherited)",
					"\"$(SRCROOT)/$(TARGET_NAME)\"",
					"\"$(SRCROOT)/$(TARGET_NAME)\"",
					"\"$(SRCROOT)/$(TARGET_NAME)\"",
					"\"$(SRCROOT)/$(TARGET_NAME)\"",
					"\"$(SRCROOT)/$(TARGET_NAME)\"",
					"\"$(SRCROOT)/$(TARGET_NAME)\"",
					"\"$(SRCROOT)/$(TARGET_NAME)\"",
				);
				OTHER_LDFLAGS = (
					"-ObjC",
					"-lc++",
				);
				PRODUCT_NAME = "$(TARGET_NAME)";
				TEST_HOST = "$(BUILT_PRODUCTS_DIR)/PullUp.app/PullUp";
			};
			name = Debug;
		};
		00E356F71AD99517003FC87E /* Release */ = {
			isa = XCBuildConfiguration;
			buildSettings = {
				BUNDLE_LOADER = "$(TEST_HOST)";
				COPY_PHASE_STRIP = NO;
				DEVELOPMENT_TEAM = R3V78XR6AA;
				FRAMEWORK_SEARCH_PATHS = (
					"$(inherited)",
					"$(PROJECT_DIR)",
				);
				HEADER_SEARCH_PATHS = (
					"$(inherited)",
					"$(SRCROOT)/../node_modules/react-native-vector-icons/RNVectorIconsManager",
					"$(SRCROOT)/../node_modules/react-native-i18n/ios",
					"$(SRCROOT)/../node_modules/react-native-spinkit/ios/**",
					"$(SRCROOT)/../node_modules/react-native-image-picker/ios",
					"$(SRCROOT)/../node_modules/react-native-svg/ios/**",
					"$(SRCROOT)/../node_modules/react-native-keep-awake/ios",
					"$(SRCROOT)/../node_modules/react-native-interactable/lib/ios/Interactable",
					"$(SRCROOT)/../node_modules/react-native-splash-screen/ios",
					"$(SRCROOT)/../node_modules/react-native-linear-gradient/BVLinearGradient",
				);
				INFOPLIST_FILE = PullUpTests/Info.plist;
				IPHONEOS_DEPLOYMENT_TARGET = 8.0;
				LD_RUNPATH_SEARCH_PATHS = "$(inherited) @executable_path/Frameworks @loader_path/Frameworks";
				LIBRARY_SEARCH_PATHS = (
					"$(inherited)",
					"\"$(SRCROOT)/$(TARGET_NAME)\"",
					"\"$(SRCROOT)/$(TARGET_NAME)\"",
					"\"$(SRCROOT)/$(TARGET_NAME)\"",
					"\"$(SRCROOT)/$(TARGET_NAME)\"",
					"\"$(SRCROOT)/$(TARGET_NAME)\"",
					"\"$(SRCROOT)/$(TARGET_NAME)\"",
					"\"$(SRCROOT)/$(TARGET_NAME)\"",
				);
				OTHER_LDFLAGS = (
					"-ObjC",
					"-lc++",
				);
				PRODUCT_NAME = "$(TARGET_NAME)";
				TEST_HOST = "$(BUILT_PRODUCTS_DIR)/PullUp.app/PullUp";
			};
			name = Release;
		};
		13B07F941A680F5B00A75B9A /* Debug */ = {
			isa = XCBuildConfiguration;
			buildSettings = {
				ASSETCATALOG_COMPILER_APPICON_NAME = AppIcon;
				CURRENT_PROJECT_VERSION = 1;
				DEAD_CODE_STRIPPING = NO;
				DEVELOPMENT_TEAM = R3V78XR6AA;
				FRAMEWORK_SEARCH_PATHS = (
					"~/Documents/FacebookSDK",
					"$(PROJECT_DIR)",
				);
				HEADER_SEARCH_PATHS = (
					"$(inherited)",
					"$(SRCROOT)/../node_modules/react-native-vector-icons/RNVectorIconsManager",
					"$(SRCROOT)/../node_modules/react-native-i18n/ios",
					"$(SRCROOT)/../node_modules/react-native/Libraries/PushNotificationIOS/**",
					"$(SRCROOT)/../node_modules/react-native-spinkit/ios/**",
					"$(SRCROOT)/../node_modules/react-native-image-picker/ios",
					"$(SRCROOT)/../node_modules/react-native-svg/ios/**",
					"$(SRCROOT)/../node_modules/react-native-keep-awake/ios",
					"$(SRCROOT)/../node_modules/react-native-interactable/lib/ios/Interactable",
					"$(SRCROOT)/../node_modules/react-native-splash-screen/ios",
					"$(SRCROOT)/../node_modules/react-native-linear-gradient/BVLinearGradient",
				);
				INFOPLIST_FILE = PullUp/Info.plist;
				LD_RUNPATH_SEARCH_PATHS = "$(inherited) @executable_path/Frameworks";
				OTHER_LDFLAGS = (
					"$(inherited)",
					"-ObjC",
					"-lc++",
				);
				PRODUCT_NAME = PullUp;
				VERSIONING_SYSTEM = "apple-generic";
			};
			name = Debug;
		};
		13B07F951A680F5B00A75B9A /* Release */ = {
			isa = XCBuildConfiguration;
			buildSettings = {
				ASSETCATALOG_COMPILER_APPICON_NAME = AppIcon;
				CURRENT_PROJECT_VERSION = 1;
				DEVELOPMENT_TEAM = R3V78XR6AA;
				FRAMEWORK_SEARCH_PATHS = (
					"~/Documents/FacebookSDK",
					"$(PROJECT_DIR)",
				);
				HEADER_SEARCH_PATHS = (
					"$(inherited)",
					"$(SRCROOT)/../node_modules/react-native-vector-icons/RNVectorIconsManager",
					"$(SRCROOT)/../node_modules/react-native-i18n/ios",
					"$(SRCROOT)/../node_modules/react-native/Libraries/PushNotificationIOS/**",
					"$(SRCROOT)/../node_modules/react-native-spinkit/ios/**",
					"$(SRCROOT)/../node_modules/react-native-image-picker/ios",
					"$(SRCROOT)/../node_modules/react-native-svg/ios/**",
					"$(SRCROOT)/../node_modules/react-native-keep-awake/ios",
					"$(SRCROOT)/../node_modules/react-native-interactable/lib/ios/Interactable",
					"$(SRCROOT)/../node_modules/react-native-splash-screen/ios",
					"$(SRCROOT)/../node_modules/react-native-linear-gradient/BVLinearGradient",
				);
				INFOPLIST_FILE = PullUp/Info.plist;
				LD_RUNPATH_SEARCH_PATHS = "$(inherited) @executable_path/Frameworks";
				OTHER_LDFLAGS = (
					"$(inherited)",
					"-ObjC",
					"-lc++",
				);
				PRODUCT_NAME = PullUp;
				VERSIONING_SYSTEM = "apple-generic";
			};
			name = Release;
		};
		83CBBA201A601CBA00E9B192 /* Debug */ = {
			isa = XCBuildConfiguration;
			buildSettings = {
				ALWAYS_SEARCH_USER_PATHS = NO;
				CLANG_CXX_LANGUAGE_STANDARD = "gnu++0x";
				CLANG_CXX_LIBRARY = "libc++";
				CLANG_ENABLE_MODULES = YES;
				CLANG_ENABLE_OBJC_ARC = YES;
				CLANG_WARN_BOOL_CONVERSION = YES;
				CLANG_WARN_CONSTANT_CONVERSION = YES;
				CLANG_WARN_DIRECT_OBJC_ISA_USAGE = YES_ERROR;
				CLANG_WARN_EMPTY_BODY = YES;
				CLANG_WARN_ENUM_CONVERSION = YES;
				CLANG_WARN_INT_CONVERSION = YES;
				CLANG_WARN_OBJC_ROOT_CLASS = YES_ERROR;
				CLANG_WARN_UNREACHABLE_CODE = YES;
				CLANG_WARN__DUPLICATE_METHOD_MATCH = YES;
				"CODE_SIGN_IDENTITY[sdk=iphoneos*]" = "iPhone Developer";
				COPY_PHASE_STRIP = NO;
				ENABLE_STRICT_OBJC_MSGSEND = YES;
				GCC_C_LANGUAGE_STANDARD = gnu99;
				GCC_DYNAMIC_NO_PIC = NO;
				GCC_OPTIMIZATION_LEVEL = 0;
				GCC_PREPROCESSOR_DEFINITIONS = (
					"DEBUG=1",
					"$(inherited)",
				);
				GCC_SYMBOLS_PRIVATE_EXTERN = NO;
				GCC_WARN_64_TO_32_BIT_CONVERSION = YES;
				GCC_WARN_ABOUT_RETURN_TYPE = YES_ERROR;
				GCC_WARN_UNDECLARED_SELECTOR = YES;
				GCC_WARN_UNINITIALIZED_AUTOS = YES_AGGRESSIVE;
				GCC_WARN_UNUSED_FUNCTION = YES;
				GCC_WARN_UNUSED_VARIABLE = YES;
				IPHONEOS_DEPLOYMENT_TARGET = 8.0;
				MTL_ENABLE_DEBUG_INFO = YES;
				ONLY_ACTIVE_ARCH = YES;
				SDKROOT = iphoneos;
			};
			name = Debug;
		};
		83CBBA211A601CBA00E9B192 /* Release */ = {
			isa = XCBuildConfiguration;
			buildSettings = {
				ALWAYS_SEARCH_USER_PATHS = NO;
				CLANG_CXX_LANGUAGE_STANDARD = "gnu++0x";
				CLANG_CXX_LIBRARY = "libc++";
				CLANG_ENABLE_MODULES = YES;
				CLANG_ENABLE_OBJC_ARC = YES;
				CLANG_WARN_BOOL_CONVERSION = YES;
				CLANG_WARN_CONSTANT_CONVERSION = YES;
				CLANG_WARN_DIRECT_OBJC_ISA_USAGE = YES_ERROR;
				CLANG_WARN_EMPTY_BODY = YES;
				CLANG_WARN_ENUM_CONVERSION = YES;
				CLANG_WARN_INT_CONVERSION = YES;
				CLANG_WARN_OBJC_ROOT_CLASS = YES_ERROR;
				CLANG_WARN_UNREACHABLE_CODE = YES;
				CLANG_WARN__DUPLICATE_METHOD_MATCH = YES;
				"CODE_SIGN_IDENTITY[sdk=iphoneos*]" = "iPhone Developer";
				COPY_PHASE_STRIP = YES;
				ENABLE_NS_ASSERTIONS = NO;
				ENABLE_STRICT_OBJC_MSGSEND = YES;
				GCC_C_LANGUAGE_STANDARD = gnu99;
				GCC_WARN_64_TO_32_BIT_CONVERSION = YES;
				GCC_WARN_ABOUT_RETURN_TYPE = YES_ERROR;
				GCC_WARN_UNDECLARED_SELECTOR = YES;
				GCC_WARN_UNINITIALIZED_AUTOS = YES_AGGRESSIVE;
				GCC_WARN_UNUSED_FUNCTION = YES;
				GCC_WARN_UNUSED_VARIABLE = YES;
				IPHONEOS_DEPLOYMENT_TARGET = 8.0;
				MTL_ENABLE_DEBUG_INFO = NO;
				SDKROOT = iphoneos;
				VALIDATE_PRODUCT = YES;
			};
			name = Release;
		};
/* End XCBuildConfiguration section */

/* Begin XCConfigurationList section */
		00E357021AD99517003FC87E /* Build configuration list for PBXNativeTarget "PullUpTests" */ = {
			isa = XCConfigurationList;
			buildConfigurations = (
				00E356F61AD99517003FC87E /* Debug */,
				00E356F71AD99517003FC87E /* Release */,
			);
			defaultConfigurationIsVisible = 0;
			defaultConfigurationName = Release;
		};
		13B07F931A680F5B00A75B9A /* Build configuration list for PBXNativeTarget "PullUp" */ = {
			isa = XCConfigurationList;
			buildConfigurations = (
				13B07F941A680F5B00A75B9A /* Debug */,
				13B07F951A680F5B00A75B9A /* Release */,
			);
			defaultConfigurationIsVisible = 0;
			defaultConfigurationName = Release;
		};
		83CBB9FA1A601CBA00E9B192 /* Build configuration list for PBXProject "PullUp" */ = {
			isa = XCConfigurationList;
			buildConfigurations = (
				83CBBA201A601CBA00E9B192 /* Debug */,
				83CBBA211A601CBA00E9B192 /* Release */,
			);
			defaultConfigurationIsVisible = 0;
			defaultConfigurationName = Release;
		};
/* End XCConfigurationList section */
	};
	rootObject = 83CBB9F71A601CBA00E9B192 /* Project object */;
}
